// !$*UTF8*$!
{
	archiveVersion = 1;
	classes = {
	};
	objectVersion = 50;
	objects = {

/* Begin PBXBuildFile section */
		940BC4DB2342CD97005FB51E /* AppDelegate.swift in Sources */ = {isa = PBXBuildFile; fileRef = 940BC4DA2342CD97005FB51E /* AppDelegate.swift */; };
		940BC4E02342CD97005FB51E /* Main.storyboard in Resources */ = {isa = PBXBuildFile; fileRef = 940BC4DE2342CD97005FB51E /* Main.storyboard */; };
		940BC4E22342CD98005FB51E /* Assets.xcassets in Resources */ = {isa = PBXBuildFile; fileRef = 940BC4E12342CD98005FB51E /* Assets.xcassets */; };
		940BC4E52342CD98005FB51E /* LaunchScreen.storyboard in Resources */ = {isa = PBXBuildFile; fileRef = 940BC4E32342CD98005FB51E /* LaunchScreen.storyboard */; };
		940BC4F02342CD98005FB51E /* miNavigationControllerTests.swift in Sources */ = {isa = PBXBuildFile; fileRef = 940BC4EF2342CD98005FB51E /* miNavigationControllerTests.swift */; };
		940BC4FB2342CD98005FB51E /* miNavigationControllerUITests.swift in Sources */ = {isa = PBXBuildFile; fileRef = 940BC4FA2342CD98005FB51E /* miNavigationControllerUITests.swift */; };
		940BC50F2342D2F8005FB51E /* CuentaNavigationViewController.swift in Sources */ = {isa = PBXBuildFile; fileRef = 940BC50E2342D2F8005FB51E /* CuentaNavigationViewController.swift */; };
		940BC5132342D34D005FB51E /* GenericoViewController.swift in Sources */ = {isa = PBXBuildFile; fileRef = 940BC5122342D34D005FB51E /* GenericoViewController.swift */; };
/* End PBXBuildFile section */

/* Begin PBXContainerItemProxy section */
		940BC4EC2342CD98005FB51E /* PBXContainerItemProxy */ = {
			isa = PBXContainerItemProxy;
			containerPortal = 940BC4CF2342CD97005FB51E /* Project object */;
			proxyType = 1;
			remoteGlobalIDString = 940BC4D62342CD97005FB51E;
			remoteInfo = miNavigationController;
		};
		940BC4F72342CD98005FB51E /* PBXContainerItemProxy */ = {
			isa = PBXContainerItemProxy;
			containerPortal = 940BC4CF2342CD97005FB51E /* Project object */;
			proxyType = 1;
			remoteGlobalIDString = 940BC4D62342CD97005FB51E;
			remoteInfo = miNavigationController;
		};
/* End PBXContainerItemProxy section */

/* Begin PBXFileReference section */
		940BC4D72342CD97005FB51E /* miNavigationController.app */ = {isa = PBXFileReference; explicitFileType = wrapper.application; includeInIndex = 0; path = miNavigationController.app; sourceTree = BUILT_PRODUCTS_DIR; };
		940BC4DA2342CD97005FB51E /* AppDelegate.swift */ = {isa = PBXFileReference; lastKnownFileType = sourcecode.swift; path = AppDelegate.swift; sourceTree = "<group>"; };
		940BC4DF2342CD97005FB51E /* Base */ = {isa = PBXFileReference; lastKnownFileType = file.storyboard; name = Base; path = Base.lproj/Main.storyboard; sourceTree = "<group>"; };
		940BC4E12342CD98005FB51E /* Assets.xcassets */ = {isa = PBXFileReference; lastKnownFileType = folder.assetcatalog; path = Assets.xcassets; sourceTree = "<group>"; };
		940BC4E42342CD98005FB51E /* Base */ = {isa = PBXFileReference; lastKnownFileType = file.storyboard; name = Base; path = Base.lproj/LaunchScreen.storyboard; sourceTree = "<group>"; };
		940BC4E62342CD98005FB51E /* Info.plist */ = {isa = PBXFileReference; lastKnownFileType = text.plist.xml; path = Info.plist; sourceTree = "<group>"; };
		940BC4EB2342CD98005FB51E /* miNavigationControllerTests.xctest */ = {isa = PBXFileReference; explicitFileType = wrapper.cfbundle; includeInIndex = 0; path = miNavigationControllerTests.xctest; sourceTree = BUILT_PRODUCTS_DIR; };
		940BC4EF2342CD98005FB51E /* miNavigationControllerTests.swift */ = {isa = PBXFileReference; lastKnownFileType = sourcecode.swift; path = miNavigationControllerTests.swift; sourceTree = "<group>"; };
		940BC4F12342CD98005FB51E /* Info.plist */ = {isa = PBXFileReference; lastKnownFileType = text.plist.xml; path = Info.plist; sourceTree = "<group>"; };
		940BC4F62342CD98005FB51E /* miNavigationControllerUITests.xctest */ = {isa = PBXFileReference; explicitFileType = wrapper.cfbundle; includeInIndex = 0; path = miNavigationControllerUITests.xctest; sourceTree = BUILT_PRODUCTS_DIR; };
		940BC4FA2342CD98005FB51E /* miNavigationControllerUITests.swift */ = {isa = PBXFileReference; lastKnownFileType = sourcecode.swift; path = miNavigationControllerUITests.swift; sourceTree = "<group>"; };
		940BC4FC2342CD98005FB51E /* Info.plist */ = {isa = PBXFileReference; lastKnownFileType = text.plist.xml; path = Info.plist; sourceTree = "<group>"; };
		940BC50E2342D2F8005FB51E /* CuentaNavigationViewController.swift */ = {isa = PBXFileReference; lastKnownFileType = sourcecode.swift; name = CuentaNavigationViewController.swift; path = ../CuentaNavigationViewController.swift; sourceTree = "<group>"; };
		940BC5122342D34D005FB51E /* GenericoViewController.swift */ = {isa = PBXFileReference; lastKnownFileType = sourcecode.swift; name = GenericoViewController.swift; path = ../GenericoViewController.swift; sourceTree = "<group>"; };
/* End PBXFileReference section */

/* Begin PBXFrameworksBuildPhase section */
		940BC4D42342CD97005FB51E /* Frameworks */ = {
			isa = PBXFrameworksBuildPhase;
			buildActionMask = 2147483647;
			files = (
			);
			runOnlyForDeploymentPostprocessing = 0;
		};
		940BC4E82342CD98005FB51E /* Frameworks */ = {
			isa = PBXFrameworksBuildPhase;
			buildActionMask = 2147483647;
			files = (
			);
			runOnlyForDeploymentPostprocessing = 0;
		};
		940BC4F32342CD98005FB51E /* Frameworks */ = {
			isa = PBXFrameworksBuildPhase;
			buildActionMask = 2147483647;
			files = (
			);
			runOnlyForDeploymentPostprocessing = 0;
		};
/* End PBXFrameworksBuildPhase section */

/* Begin PBXGroup section */
		940BC4CE2342CD97005FB51E = {
			isa = PBXGroup;
			children = (
				940BC4D92342CD97005FB51E /* miNavigationController */,
				940BC4EE2342CD98005FB51E /* miNavigationControllerTests */,
				940BC4F92342CD98005FB51E /* miNavigationControllerUITests */,
				940BC4D82342CD97005FB51E /* Products */,
			);
			sourceTree = "<group>";
		};
		940BC4D82342CD97005FB51E /* Products */ = {
			isa = PBXGroup;
			children = (
				940BC4D72342CD97005FB51E /* miNavigationController.app */,
				940BC4EB2342CD98005FB51E /* miNavigationControllerTests.xctest */,
				940BC4F62342CD98005FB51E /* miNavigationControllerUITests.xctest */,
			);
			name = Products;
			sourceTree = "<group>";
		};
		940BC4D92342CD97005FB51E /* miNavigationController */ = {
			isa = PBXGroup;
			children = (
				940BC5122342D34D005FB51E /* GenericoViewController.swift */,
				940BC50E2342D2F8005FB51E /* CuentaNavigationViewController.swift */,
				940BC4DA2342CD97005FB51E /* AppDelegate.swift */,
				940BC4DE2342CD97005FB51E /* Main.storyboard */,
				940BC4E12342CD98005FB51E /* Assets.xcassets */,
				940BC4E32342CD98005FB51E /* LaunchScreen.storyboard */,
				940BC4E62342CD98005FB51E /* Info.plist */,
			);
			path = miNavigationController;
			sourceTree = "<group>";
		};
		940BC4EE2342CD98005FB51E /* miNavigationControllerTests */ = {
			isa = PBXGroup;
			children = (
				940BC4EF2342CD98005FB51E /* miNavigationControllerTests.swift */,
				940BC4F12342CD98005FB51E /* Info.plist */,
			);
			path = miNavigationControllerTests;
			sourceTree = "<group>";
		};
		940BC4F92342CD98005FB51E /* miNavigationControllerUITests */ = {
			isa = PBXGroup;
			children = (
				940BC4FA2342CD98005FB51E /* miNavigationControllerUITests.swift */,
				940BC4FC2342CD98005FB51E /* Info.plist */,
			);
			path = miNavigationControllerUITests;
			sourceTree = "<group>";
		};
/* End PBXGroup section */

/* Begin PBXNativeTarget section */
		940BC4D62342CD97005FB51E /* miNavigationController */ = {
			isa = PBXNativeTarget;
			buildConfigurationList = 940BC4FF2342CD98005FB51E /* Build configuration list for PBXNativeTarget "miNavigationController" */;
			buildPhases = (
				940BC4D32342CD97005FB51E /* Sources */,
				940BC4D42342CD97005FB51E /* Frameworks */,
				940BC4D52342CD97005FB51E /* Resources */,
			);
			buildRules = (
			);
			dependencies = (
			);
			name = miNavigationController;
			productName = miNavigationController;
			productReference = 940BC4D72342CD97005FB51E /* miNavigationController.app */;
			productType = "com.apple.product-type.application";
		};
		940BC4EA2342CD98005FB51E /* miNavigationControllerTests */ = {
			isa = PBXNativeTarget;
			buildConfigurationList = 940BC5022342CD98005FB51E /* Build configuration list for PBXNativeTarget "miNavigationControllerTests" */;
			buildPhases = (
				940BC4E72342CD98005FB51E /* Sources */,
				940BC4E82342CD98005FB51E /* Frameworks */,
				940BC4E92342CD98005FB51E /* Resources */,
			);
			buildRules = (
			);
			dependencies = (
				940BC4ED2342CD98005FB51E /* PBXTargetDependency */,
			);
			name = miNavigationControllerTests;
			productName = miNavigationControllerTests;
			productReference = 940BC4EB2342CD98005FB51E /* miNavigationControllerTests.xctest */;
			productType = "com.apple.product-type.bundle.unit-test";
		};
		940BC4F52342CD98005FB51E /* miNavigationControllerUITests */ = {
			isa = PBXNativeTarget;
			buildConfigurationList = 940BC5052342CD98005FB51E /* Build configuration list for PBXNativeTarget "miNavigationControllerUITests" */;
			buildPhases = (
				940BC4F22342CD98005FB51E /* Sources */,
				940BC4F32342CD98005FB51E /* Frameworks */,
				940BC4F42342CD98005FB51E /* Resources */,
			);
			buildRules = (
			);
			dependencies = (
				940BC4F82342CD98005FB51E /* PBXTargetDependency */,
			);
			name = miNavigationControllerUITests;
			productName = miNavigationControllerUITests;
			productReference = 940BC4F62342CD98005FB51E /* miNavigationControllerUITests.xctest */;
			productType = "com.apple.product-type.bundle.ui-testing";
		};
/* End PBXNativeTarget section */

/* Begin PBXProject section */
		940BC4CF2342CD97005FB51E /* Project object */ = {
			isa = PBXProject;
			attributes = {
				LastSwiftUpdateCheck = 1030;
				LastUpgradeCheck = 1030;
				ORGANIZATIONNAME = "Arce Anguiano Rodrigo Roberto";
				TargetAttributes = {
					940BC4D62342CD97005FB51E = {
						CreatedOnToolsVersion = 10.3;
					};
					940BC4EA2342CD98005FB51E = {
						CreatedOnToolsVersion = 10.3;
						TestTargetID = 940BC4D62342CD97005FB51E;
					};
					940BC4F52342CD98005FB51E = {
						CreatedOnToolsVersion = 10.3;
						TestTargetID = 940BC4D62342CD97005FB51E;
					};
				};
			};
			buildConfigurationList = 940BC4D22342CD97005FB51E /* Build configuration list for PBXProject "miNavigationController" */;
			compatibilityVersion = "Xcode 9.3";
			developmentRegion = en;
			hasScannedForEncodings = 0;
			knownRegions = (
				en,
				Base,
			);
			mainGroup = 940BC4CE2342CD97005FB51E;
			productRefGroup = 940BC4D82342CD97005FB51E /* Products */;
			projectDirPath = "";
			projectRoot = "";
			targets = (
				940BC4D62342CD97005FB51E /* miNavigationController */,
				940BC4EA2342CD98005FB51E /* miNavigationControllerTests */,
				940BC4F52342CD98005FB51E /* miNavigationControllerUITests */,
			);
		};
/* End PBXProject section */

/* Begin PBXResourcesBuildPhase section */
		940BC4D52342CD97005FB51E /* Resources */ = {
			isa = PBXResourcesBuildPhase;
			buildActionMask = 2147483647;
			files = (
				940BC4E52342CD98005FB51E /* LaunchScreen.storyboard in Resources */,
				940BC4E22342CD98005FB51E /* Assets.xcassets in Resources */,
				940BC4E02342CD97005FB51E /* Main.storyboard in Resources */,
			);
			runOnlyForDeploymentPostprocessing = 0;
		};
		940BC4E92342CD98005FB51E /* Resources */ = {
			isa = PBXResourcesBuildPhase;
			buildActionMask = 2147483647;
			files = (
			);
			runOnlyForDeploymentPostprocessing = 0;
		};
		940BC4F42342CD98005FB51E /* Resources */ = {
			isa = PBXResourcesBuildPhase;
			buildActionMask = 2147483647;
			files = (
			);
			runOnlyForDeploymentPostprocessing = 0;
		};
/* End PBXResourcesBuildPhase section */

/* Begin PBXSourcesBuildPhase section */
		940BC4D32342CD97005FB51E /* Sources */ = {
			isa = PBXSourcesBuildPhase;
			buildActionMask = 2147483647;
			files = (
				940BC50F2342D2F8005FB51E /* CuentaNavigationViewController.swift in Sources */,
				940BC4DB2342CD97005FB51E /* AppDelegate.swift in Sources */,
				940BC5132342D34D005FB51E /* GenericoViewController.swift in Sources */,
			);
			runOnlyForDeploymentPostprocessing = 0;
		};
		940BC4E72342CD98005FB51E /* Sources */ = {
			isa = PBXSourcesBuildPhase;
			buildActionMask = 2147483647;
			files = (
				940BC4F02342CD98005FB51E /* miNavigationControllerTests.swift in Sources */,
			);
			runOnlyForDeploymentPostprocessing = 0;
		};
		940BC4F22342CD98005FB51E /* Sources */ = {
			isa = PBXSourcesBuildPhase;
			buildActionMask = 2147483647;
			files = (
				940BC4FB2342CD98005FB51E /* miNavigationControllerUITests.swift in Sources */,
			);
			runOnlyForDeploymentPostprocessing = 0;
		};
/* End PBXSourcesBuildPhase section */

/* Begin PBXTargetDependency section */
		940BC4ED2342CD98005FB51E /* PBXTargetDependency */ = {
			isa = PBXTargetDependency;
			target = 940BC4D62342CD97005FB51E /* miNavigationController */;
			targetProxy = 940BC4EC2342CD98005FB51E /* PBXContainerItemProxy */;
		};
		940BC4F82342CD98005FB51E /* PBXTargetDependency */ = {
			isa = PBXTargetDependency;
			target = 940BC4D62342CD97005FB51E /* miNavigationController */;
			targetProxy = 940BC4F72342CD98005FB51E /* PBXContainerItemProxy */;
		};
/* End PBXTargetDependency section */

/* Begin PBXVariantGroup section */
		940BC4DE2342CD97005FB51E /* Main.storyboard */ = {
			isa = PBXVariantGroup;
			children = (
				940BC4DF2342CD97005FB51E /* Base */,
			);
			name = Main.storyboard;
			sourceTree = "<group>";
		};
		940BC4E32342CD98005FB51E /* LaunchScreen.storyboard */ = {
			isa = PBXVariantGroup;
			children = (
				940BC4E42342CD98005FB51E /* Base */,
			);
			name = LaunchScreen.storyboard;
			sourceTree = "<group>";
		};
/* End PBXVariantGroup section */

/* Begin XCBuildConfiguration section */
		940BC4FD2342CD98005FB51E /* Debug */ = {
			isa = XCBuildConfiguration;
			buildSettings = {
				ALWAYS_SEARCH_USER_PATHS = NO;
				CLANG_ANALYZER_NONNULL = YES;
				CLANG_ANALYZER_NUMBER_OBJECT_CONVERSION = YES_AGGRESSIVE;
				CLANG_CXX_LANGUAGE_STANDARD = "gnu++14";
				CLANG_CXX_LIBRARY = "libc++";
				CLANG_ENABLE_MODULES = YES;
				CLANG_ENABLE_OBJC_ARC = YES;
				CLANG_ENABLE_OBJC_WEAK = YES;
				CLANG_WARN_BLOCK_CAPTURE_AUTORELEASING = YES;
				CLANG_WARN_BOOL_CONVERSION = YES;
				CLANG_WARN_COMMA = YES;
				CLANG_WARN_CONSTANT_CONVERSION = YES;
				CLANG_WARN_DEPRECATED_OBJC_IMPLEMENTATIONS = YES;
				CLANG_WARN_DIRECT_OBJC_ISA_USAGE = YES_ERROR;
				CLANG_WARN_DOCUMENTATION_COMMENTS = YES;
				CLANG_WARN_EMPTY_BODY = YES;
				CLANG_WARN_ENUM_CONVERSION = YES;
				CLANG_WARN_INFINITE_RECURSION = YES;
				CLANG_WARN_INT_CONVERSION = YES;
				CLANG_WARN_NON_LITERAL_NULL_CONVERSION = YES;
				CLANG_WARN_OBJC_IMPLICIT_RETAIN_SELF = YES;
				CLANG_WARN_OBJC_LITERAL_CONVERSION = YES;
				CLANG_WARN_OBJC_ROOT_CLASS = YES_ERROR;
				CLANG_WARN_RANGE_LOOP_ANALYSIS = YES;
				CLANG_WARN_STRICT_PROTOTYPES = YES;
				CLANG_WARN_SUSPICIOUS_MOVE = YES;
				CLANG_WARN_UNGUARDED_AVAILABILITY = YES_AGGRESSIVE;
				CLANG_WARN_UNREACHABLE_CODE = YES;
				CLANG_WARN__DUPLICATE_METHOD_MATCH = YES;
				CODE_SIGN_IDENTITY = "iPhone Developer";
				COPY_PHASE_STRIP = NO;
				DEBUG_INFORMATION_FORMAT = dwarf;
				ENABLE_STRICT_OBJC_MSGSEND = YES;
				ENABLE_TESTABILITY = YES;
				GCC_C_LANGUAGE_STANDARD = gnu11;
				GCC_DYNAMIC_NO_PIC = NO;
				GCC_NO_COMMON_BLOCKS = YES;
				GCC_OPTIMIZATION_LEVEL = 0;
				GCC_PREPROCESSOR_DEFINITIONS = (
					"DEBUG=1",
					"$(inherited)",
				);
				GCC_WARN_64_TO_32_BIT_CONVERSION = YES;
				GCC_WARN_ABOUT_RETURN_TYPE = YES_ERROR;
				GCC_WARN_UNDECLARED_SELECTOR = YES;
				GCC_WARN_UNINITIALIZED_AUTOS = YES_AGGRESSIVE;
				GCC_WARN_UNUSED_FUNCTION = YES;
				GCC_WARN_UNUSED_VARIABLE = YES;
				IPHONEOS_DEPLOYMENT_TARGET = 12.4;
				MTL_ENABLE_DEBUG_INFO = INCLUDE_SOURCE;
				MTL_FAST_MATH = YES;
				ONLY_ACTIVE_ARCH = YES;
				SDKROOT = iphoneos;
				SWIFT_ACTIVE_COMPILATION_CONDITIONS = DEBUG;
				SWIFT_OPTIMIZATION_LEVEL = "-Onone";
			};
			name = Debug;
		};
		940BC4FE2342CD98005FB51E /* Release */ = {
			isa = XCBuildConfiguration;
			buildSettings = {
				ALWAYS_SEARCH_USER_PATHS = NO;
				CLANG_ANALYZER_NONNULL = YES;
				CLANG_ANALYZER_NUMBER_OBJECT_CONVERSION = YES_AGGRESSIVE;
				CLANG_CXX_LANGUAGE_STANDARD = "gnu++14";
				CLANG_CXX_LIBRARY = "libc++";
				CLANG_ENABLE_MODULES = YES;
				CLANG_ENABLE_OBJC_ARC = YES;
				CLANG_ENABLE_OBJC_WEAK = YES;
				CLANG_WARN_BLOCK_CAPTURE_AUTORELEASING = YES;
				CLANG_WARN_BOOL_CONVERSION = YES;
				CLANG_WARN_COMMA = YES;
				CLANG_WARN_CONSTANT_CONVERSION = YES;
				CLANG_WARN_DEPRECATED_OBJC_IMPLEMENTATIONS = YES;
				CLANG_WARN_DIRECT_OBJC_ISA_USAGE = YES_ERROR;
				CLANG_WARN_DOCUMENTATION_COMMENTS = YES;
				CLANG_WARN_EMPTY_BODY = YES;
				CLANG_WARN_ENUM_CONVERSION = YES;
				CLANG_WARN_INFINITE_RECURSION = YES;
				CLANG_WARN_INT_CONVERSION = YES;
				CLANG_WARN_NON_LITERAL_NULL_CONVERSION = YES;
				CLANG_WARN_OBJC_IMPLICIT_RETAIN_SELF = YES;
				CLANG_WARN_OBJC_LITERAL_CONVERSION = YES;
				CLANG_WARN_OBJC_ROOT_CLASS = YES_ERROR;
				CLANG_WARN_RANGE_LOOP_ANALYSIS = YES;
				CLANG_WARN_STRICT_PROTOTYPES = YES;
				CLANG_WARN_SUSPICIOUS_MOVE = YES;
				CLANG_WARN_UNGUARDED_AVAILABILITY = YES_AGGRESSIVE;
				CLANG_WARN_UNREACHABLE_CODE = YES;
				CLANG_WARN__DUPLICATE_METHOD_MATCH = YES;
				CODE_SIGN_IDENTITY = "iPhone Developer";
				COPY_PHASE_STRIP = NO;
				DEBUG_INFORMATION_FORMAT = "dwarf-with-dsym";
				ENABLE_NS_ASSERTIONS = NO;
				ENABLE_STRICT_OBJC_MSGSEND = YES;
				GCC_C_LANGUAGE_STANDARD = gnu11;
				GCC_NO_COMMON_BLOCKS = YES;
				GCC_WARN_64_TO_32_BIT_CONVERSION = YES;
				GCC_WARN_ABOUT_RETURN_TYPE = YES_ERROR;
				GCC_WARN_UNDECLARED_SELECTOR = YES;
				GCC_WARN_UNINITIALIZED_AUTOS = YES_AGGRESSIVE;
				GCC_WARN_UNUSED_FUNCTION = YES;
				GCC_WARN_UNUSED_VARIABLE = YES;
				IPHONEOS_DEPLOYMENT_TARGET = 12.4;
				MTL_ENABLE_DEBUG_INFO = NO;
				MTL_FAST_MATH = YES;
				SDKROOT = iphoneos;
				SWIFT_COMPILATION_MODE = wholemodule;
				SWIFT_OPTIMIZATION_LEVEL = "-O";
				VALIDATE_PRODUCT = YES;
			};
			name = Release;
		};
		940BC5002342CD98005FB51E /* Debug */ = {
			isa = XCBuildConfiguration;
			buildSettings = {
				ASSETCATALOG_COMPILER_APPICON_NAME = AppIcon;
				CODE_SIGN_STYLE = Automatic;
				DEVELOPMENT_TEAM = 86WYXJ3S6F;
				INFOPLIST_FILE = miNavigationController/Info.plist;
				LD_RUNPATH_SEARCH_PATHS = (
					"$(inherited)",
					"@executable_path/Frameworks",
				);
				PRODUCT_BUNDLE_IDENTIFIER = rodrigo.miNavigationController;
				PRODUCT_NAME = "$(TARGET_NAME)";
				SWIFT_VERSION = 5.0;
				TARGETED_DEVICE_FAMILY = "1,2";
			};
			name = Debug;
		};
		940BC5012342CD98005FB51E /* Release */ = {
			isa = XCBuildConfiguration;
			buildSettings = {
				ASSETCATALOG_COMPILER_APPICON_NAME = AppIcon;
				CODE_SIGN_STYLE = Automatic;
				DEVELOPMENT_TEAM = 86WYXJ3S6F;
				INFOPLIST_FILE = miNavigationController/Info.plist;
				LD_RUNPATH_SEARCH_PATHS = (
					"$(inherited)",
					"@executable_path/Frameworks",
				);
				PRODUCT_BUNDLE_IDENTIFIER = rodrigo.miNavigationController;
				PRODUCT_NAME = "$(TARGET_NAME)";
				SWIFT_VERSION = 5.0;
				TARGETED_DEVICE_FAMILY = "1,2";
			};
			name = Release;
		};
		940BC5032342CD98005FB51E /* Debug */ = {
			isa = XCBuildConfiguration;
			buildSettings = {
				ALWAYS_EMBED_SWIFT_STANDARD_LIBRARIES = YES;
				BUNDLE_LOADER = "$(TEST_HOST)";
				CODE_SIGN_STYLE = Automatic;
				DEVELOPMENT_TEAM = 86WYXJ3S6F;
				INFOPLIST_FILE = miNavigationControllerTests/Info.plist;
				LD_RUNPATH_SEARCH_PATHS = (
					"$(inherited)",
					"@executable_path/Frameworks",
					"@loader_path/Frameworks",
				);
				PRODUCT_BUNDLE_IDENTIFIER = rodrigo.miNavigationControllerTests;
				PRODUCT_NAME = "$(TARGET_NAME)";
				SWIFT_VERSION = 5.0;
				TARGETED_DEVICE_FAMILY = "1,2";
				TEST_HOST = "$(BUILT_PRODUCTS_DIR)/miNavigationController.app/miNavigationController";
			};
			name = Debug;
		};
		940BC5042342CD98005FB51E /* Release */ = {
			isa = XCBuildConfiguration;
			buildSettings = {
				ALWAYS_EMBED_SWIFT_STANDARD_LIBRARIES = YES;
				BUNDLE_LOADER = "$(TEST_HOST)";
				CODE_SIGN_STYLE = Automatic;
				DEVELOPMENT_TEAM = 86WYXJ3S6F;
				INFOPLIST_FILE = miNavigationControllerTests/Info.plist;
				LD_RUNPATH_SEARCH_PATHS = (
					"$(inherited)",
					"@executable_path/Frameworks",
					"@loader_path/Frameworks",
				);
				PRODUCT_BUNDLE_IDENTIFIER = rodrigo.miNavigationControllerTests;
				PRODUCT_NAME = "$(TARGET_NAME)";
				SWIFT_VERSION = 5.0;
				TARGETED_DEVICE_FAMILY = "1,2";
				TEST_HOST = "$(BUILT_PRODUCTS_DIR)/miNavigationController.app/miNavigationController";
			};
			name = Release;
		};
		940BC5062342CD98005FB51E /* Debug */ = {
			isa = XCBuildConfiguration;
			buildSettings = {
				ALWAYS_EMBED_SWIFT_STANDARD_LIBRARIES = YES;
				CODE_SIGN_STYLE = Automatic;
				DEVELOPMENT_TEAM = 86WYXJ3S6F;
				INFOPLIST_FILE = miNavigationControllerUITests/Info.plist;
				LD_RUNPATH_SEARCH_PATHS = (
					"$(inherited)",
					"@executable_path/Frameworks",
					"@loader_path/Frameworks",
				);
				PRODUCT_BUNDLE_IDENTIFIER = rodrigo.miNavigationControllerUITests;
				PRODUCT_NAME = "$(TARGET_NAME)";
				SWIFT_VERSION = 5.0;
				TARGETED_DEVICE_FAMILY = "1,2";
				TEST_TARGET_NAME = miNavigationController;
			};
			name = Debug;
		};
		940BC5072342CD98005FB51E /* Release */ = {
			isa = XCBuildConfiguration;
			buildSettings = {
				ALWAYS_EMBED_SWIFT_STANDARD_LIBRARIES = YES;
				CODE_SIGN_STYLE = Automatic;
				DEVELOPMENT_TEAM = 86WYXJ3S6F;
				INFOPLIST_FILE = miNavigationControllerUITests/Info.plist;
				LD_RUNPATH_SEARCH_PATHS = (
					"$(inherited)",
					"@executable_path/Frameworks",
					"@loader_path/Frameworks",
				);
				PRODUCT_BUNDLE_IDENTIFIER = rodrigo.miNavigationControllerUITests;
				PRODUCT_NAME = "$(TARGET_NAME)";
				SWIFT_VERSION = 5.0;
				TARGETED_DEVICE_FAMILY = "1,2";
				TEST_TARGET_NAME = miNavigationController;
			};
			name = Release;
		};
/* End XCBuildConfiguration section */

/* Begin XCConfigurationList section */
		940BC4D22342CD97005FB51E /* Build configuration list for PBXProject "miNavigationController" */ = {
			isa = XCConfigurationList;
			buildConfigurations = (
				940BC4FD2342CD98005FB51E /* Debug */,
				940BC4FE2342CD98005FB51E /* Release */,
			);
			defaultConfigurationIsVisible = 0;
			defaultConfigurationName = Release;
		};
		940BC4FF2342CD98005FB51E /* Build configuration list for PBXNativeTarget "miNavigationController" */ = {
			isa = XCConfigurationList;
			buildConfigurations = (
				940BC5002342CD98005FB51E /* Debug */,
				940BC5012342CD98005FB51E /* Release */,
			);
			defaultConfigurationIsVisible = 0;
			defaultConfigurationName = Release;
		};
		940BC5022342CD98005FB51E /* Build configuration list for PBXNativeTarget "miNavigationControllerTests" */ = {
			isa = XCConfigurationList;
			buildConfigurations = (
				940BC5032342CD98005FB51E /* Debug */,
				940BC5042342CD98005FB51E /* Release */,
			);
			defaultConfigurationIsVisible = 0;
			defaultConfigurationName = Release;
		};
		940BC5052342CD98005FB51E /* Build configuration list for PBXNativeTarget "miNavigationControllerUITests" */ = {
			isa = XCConfigurationList;
			buildConfigurations = (
				940BC5062342CD98005FB51E /* Debug */,
				940BC5072342CD98005FB51E /* Release */,
			);
			defaultConfigurationIsVisible = 0;
			defaultConfigurationName = Release;
		};
/* End XCConfigurationList section */
	};
	rootObject = 940BC4CF2342CD97005FB51E /* Project object */;
}
