// !$*UTF8*$!
{
	archiveVersion = 1;
	classes = {
	};
	objectVersion = 50;
	objects = {

/* Begin PBXBuildFile section */
		94E440A023739DF100AF78C9 /* AppDelegate.swift in Sources */ = {isa = PBXBuildFile; fileRef = 94E4409F23739DF100AF78C9 /* AppDelegate.swift */; };
		94E440A223739DF100AF78C9 /* ViewController.swift in Sources */ = {isa = PBXBuildFile; fileRef = 94E440A123739DF100AF78C9 /* ViewController.swift */; };
		94E440A523739DF100AF78C9 /* Main.storyboard in Resources */ = {isa = PBXBuildFile; fileRef = 94E440A323739DF100AF78C9 /* Main.storyboard */; };
		94E440A723739DF200AF78C9 /* Assets.xcassets in Resources */ = {isa = PBXBuildFile; fileRef = 94E440A623739DF200AF78C9 /* Assets.xcassets */; };
		94E440AA23739DF200AF78C9 /* LaunchScreen.storyboard in Resources */ = {isa = PBXBuildFile; fileRef = 94E440A823739DF200AF78C9 /* LaunchScreen.storyboard */; };
		94E440B523739DF200AF78C9 /* SensoresTests.swift in Sources */ = {isa = PBXBuildFile; fileRef = 94E440B423739DF200AF78C9 /* SensoresTests.swift */; };
		94E440C023739DF200AF78C9 /* SensoresUITests.swift in Sources */ = {isa = PBXBuildFile; fileRef = 94E440BF23739DF200AF78C9 /* SensoresUITests.swift */; };
/* End PBXBuildFile section */

/* Begin PBXContainerItemProxy section */
		94E440B123739DF200AF78C9 /* PBXContainerItemProxy */ = {
			isa = PBXContainerItemProxy;
			containerPortal = 94E4409423739DF100AF78C9 /* Project object */;
			proxyType = 1;
			remoteGlobalIDString = 94E4409B23739DF100AF78C9;
			remoteInfo = Sensores;
		};
		94E440BC23739DF200AF78C9 /* PBXContainerItemProxy */ = {
			isa = PBXContainerItemProxy;
			containerPortal = 94E4409423739DF100AF78C9 /* Project object */;
			proxyType = 1;
			remoteGlobalIDString = 94E4409B23739DF100AF78C9;
			remoteInfo = Sensores;
		};
/* End PBXContainerItemProxy section */

/* Begin PBXFileReference section */
		94E4409C23739DF100AF78C9 /* Sensores.app */ = {isa = PBXFileReference; explicitFileType = wrapper.application; includeInIndex = 0; path = Sensores.app; sourceTree = BUILT_PRODUCTS_DIR; };
		94E4409F23739DF100AF78C9 /* AppDelegate.swift */ = {isa = PBXFileReference; lastKnownFileType = sourcecode.swift; path = AppDelegate.swift; sourceTree = "<group>"; };
		94E440A123739DF100AF78C9 /* ViewController.swift */ = {isa = PBXFileReference; lastKnownFileType = sourcecode.swift; path = ViewController.swift; sourceTree = "<group>"; };
		94E440A423739DF100AF78C9 /* Base */ = {isa = PBXFileReference; lastKnownFileType = file.storyboard; name = Base; path = Base.lproj/Main.storyboard; sourceTree = "<group>"; };
		94E440A623739DF200AF78C9 /* Assets.xcassets */ = {isa = PBXFileReference; lastKnownFileType = folder.assetcatalog; path = Assets.xcassets; sourceTree = "<group>"; };
		94E440A923739DF200AF78C9 /* Base */ = {isa = PBXFileReference; lastKnownFileType = file.storyboard; name = Base; path = Base.lproj/LaunchScreen.storyboard; sourceTree = "<group>"; };
		94E440AB23739DF200AF78C9 /* Info.plist */ = {isa = PBXFileReference; lastKnownFileType = text.plist.xml; path = Info.plist; sourceTree = "<group>"; };
		94E440B023739DF200AF78C9 /* SensoresTests.xctest */ = {isa = PBXFileReference; explicitFileType = wrapper.cfbundle; includeInIndex = 0; path = SensoresTests.xctest; sourceTree = BUILT_PRODUCTS_DIR; };
		94E440B423739DF200AF78C9 /* SensoresTests.swift */ = {isa = PBXFileReference; lastKnownFileType = sourcecode.swift; path = SensoresTests.swift; sourceTree = "<group>"; };
		94E440B623739DF200AF78C9 /* Info.plist */ = {isa = PBXFileReference; lastKnownFileType = text.plist.xml; path = Info.plist; sourceTree = "<group>"; };
		94E440BB23739DF200AF78C9 /* SensoresUITests.xctest */ = {isa = PBXFileReference; explicitFileType = wrapper.cfbundle; includeInIndex = 0; path = SensoresUITests.xctest; sourceTree = BUILT_PRODUCTS_DIR; };
		94E440BF23739DF200AF78C9 /* SensoresUITests.swift */ = {isa = PBXFileReference; lastKnownFileType = sourcecode.swift; path = SensoresUITests.swift; sourceTree = "<group>"; };
		94E440C123739DF200AF78C9 /* Info.plist */ = {isa = PBXFileReference; lastKnownFileType = text.plist.xml; path = Info.plist; sourceTree = "<group>"; };
/* End PBXFileReference section */

/* Begin PBXFrameworksBuildPhase section */
		94E4409923739DF100AF78C9 /* Frameworks */ = {
			isa = PBXFrameworksBuildPhase;
			buildActionMask = 2147483647;
			files = (
			);
			runOnlyForDeploymentPostprocessing = 0;
		};
		94E440AD23739DF200AF78C9 /* Frameworks */ = {
			isa = PBXFrameworksBuildPhase;
			buildActionMask = 2147483647;
			files = (
			);
			runOnlyForDeploymentPostprocessing = 0;
		};
		94E440B823739DF200AF78C9 /* Frameworks */ = {
			isa = PBXFrameworksBuildPhase;
			buildActionMask = 2147483647;
			files = (
			);
			runOnlyForDeploymentPostprocessing = 0;
		};
/* End PBXFrameworksBuildPhase section */

/* Begin PBXGroup section */
		94E4409323739DF100AF78C9 = {
			isa = PBXGroup;
			children = (
				94E4409E23739DF100AF78C9 /* Sensores */,
				94E440B323739DF200AF78C9 /* SensoresTests */,
				94E440BE23739DF200AF78C9 /* SensoresUITests */,
				94E4409D23739DF100AF78C9 /* Products */,
			);
			sourceTree = "<group>";
		};
		94E4409D23739DF100AF78C9 /* Products */ = {
			isa = PBXGroup;
			children = (
				94E4409C23739DF100AF78C9 /* Sensores.app */,
				94E440B023739DF200AF78C9 /* SensoresTests.xctest */,
				94E440BB23739DF200AF78C9 /* SensoresUITests.xctest */,
			);
			name = Products;
			sourceTree = "<group>";
		};
		94E4409E23739DF100AF78C9 /* Sensores */ = {
			isa = PBXGroup;
			children = (
				94E4409F23739DF100AF78C9 /* AppDelegate.swift */,
				94E440A123739DF100AF78C9 /* ViewController.swift */,
				94E440A323739DF100AF78C9 /* Main.storyboard */,
				94E440A623739DF200AF78C9 /* Assets.xcassets */,
				94E440A823739DF200AF78C9 /* LaunchScreen.storyboard */,
				94E440AB23739DF200AF78C9 /* Info.plist */,
			);
			path = Sensores;
			sourceTree = "<group>";
		};
		94E440B323739DF200AF78C9 /* SensoresTests */ = {
			isa = PBXGroup;
			children = (
				94E440B423739DF200AF78C9 /* SensoresTests.swift */,
				94E440B623739DF200AF78C9 /* Info.plist */,
			);
			path = SensoresTests;
			sourceTree = "<group>";
		};
		94E440BE23739DF200AF78C9 /* SensoresUITests */ = {
			isa = PBXGroup;
			children = (
				94E440BF23739DF200AF78C9 /* SensoresUITests.swift */,
				94E440C123739DF200AF78C9 /* Info.plist */,
			);
			path = SensoresUITests;
			sourceTree = "<group>";
		};
/* End PBXGroup section */

/* Begin PBXNativeTarget section */
		94E4409B23739DF100AF78C9 /* Sensores */ = {
			isa = PBXNativeTarget;
			buildConfigurationList = 94E440C423739DF200AF78C9 /* Build configuration list for PBXNativeTarget "Sensores" */;
			buildPhases = (
				94E4409823739DF100AF78C9 /* Sources */,
				94E4409923739DF100AF78C9 /* Frameworks */,
				94E4409A23739DF100AF78C9 /* Resources */,
			);
			buildRules = (
			);
			dependencies = (
			);
			name = Sensores;
			productName = Sensores;
			productReference = 94E4409C23739DF100AF78C9 /* Sensores.app */;
			productType = "com.apple.product-type.application";
		};
		94E440AF23739DF200AF78C9 /* SensoresTests */ = {
			isa = PBXNativeTarget;
			buildConfigurationList = 94E440C723739DF200AF78C9 /* Build configuration list for PBXNativeTarget "SensoresTests" */;
			buildPhases = (
				94E440AC23739DF200AF78C9 /* Sources */,
				94E440AD23739DF200AF78C9 /* Frameworks */,
				94E440AE23739DF200AF78C9 /* Resources */,
			);
			buildRules = (
			);
			dependencies = (
				94E440B223739DF200AF78C9 /* PBXTargetDependency */,
			);
			name = SensoresTests;
			productName = SensoresTests;
			productReference = 94E440B023739DF200AF78C9 /* SensoresTests.xctest */;
			productType = "com.apple.product-type.bundle.unit-test";
		};
		94E440BA23739DF200AF78C9 /* SensoresUITests */ = {
			isa = PBXNativeTarget;
			buildConfigurationList = 94E440CA23739DF200AF78C9 /* Build configuration list for PBXNativeTarget "SensoresUITests" */;
			buildPhases = (
				94E440B723739DF200AF78C9 /* Sources */,
				94E440B823739DF200AF78C9 /* Frameworks */,
				94E440B923739DF200AF78C9 /* Resources */,
			);
			buildRules = (
			);
			dependencies = (
				94E440BD23739DF200AF78C9 /* PBXTargetDependency */,
			);
			name = SensoresUITests;
			productName = SensoresUITests;
			productReference = 94E440BB23739DF200AF78C9 /* SensoresUITests.xctest */;
			productType = "com.apple.product-type.bundle.ui-testing";
		};
/* End PBXNativeTarget section */

/* Begin PBXProject section */
		94E4409423739DF100AF78C9 /* Project object */ = {
			isa = PBXProject;
			attributes = {
				LastSwiftUpdateCheck = 1030;
				LastUpgradeCheck = 1030;
				ORGANIZATIONNAME = "Arce Anguiano Rodrigo Roberto";
				TargetAttributes = {
					94E4409B23739DF100AF78C9 = {
						CreatedOnToolsVersion = 10.3;
					};
					94E440AF23739DF200AF78C9 = {
						CreatedOnToolsVersion = 10.3;
						TestTargetID = 94E4409B23739DF100AF78C9;
					};
					94E440BA23739DF200AF78C9 = {
						CreatedOnToolsVersion = 10.3;
						TestTargetID = 94E4409B23739DF100AF78C9;
					};
				};
			};
			buildConfigurationList = 94E4409723739DF100AF78C9 /* Build configuration list for PBXProject "Sensores" */;
			compatibilityVersion = "Xcode 9.3";
			developmentRegion = en;
			hasScannedForEncodings = 0;
			knownRegions = (
				en,
				Base,
			);
			mainGroup = 94E4409323739DF100AF78C9;
			productRefGroup = 94E4409D23739DF100AF78C9 /* Products */;
			projectDirPath = "";
			projectRoot = "";
			targets = (
				94E4409B23739DF100AF78C9 /* Sensores */,
				94E440AF23739DF200AF78C9 /* SensoresTests */,
				94E440BA23739DF200AF78C9 /* SensoresUITests */,
			);
		};
/* End PBXProject section */

/* Begin PBXResourcesBuildPhase section */
		94E4409A23739DF100AF78C9 /* Resources */ = {
			isa = PBXResourcesBuildPhase;
			buildActionMask = 2147483647;
			files = (
				94E440AA23739DF200AF78C9 /* LaunchScreen.storyboard in Resources */,
				94E440A723739DF200AF78C9 /* Assets.xcassets in Resources */,
				94E440A523739DF100AF78C9 /* Main.storyboard in Resources */,
			);
			runOnlyForDeploymentPostprocessing = 0;
		};
		94E440AE23739DF200AF78C9 /* Resources */ = {
			isa = PBXResourcesBuildPhase;
			buildActionMask = 2147483647;
			files = (
			);
			runOnlyForDeploymentPostprocessing = 0;
		};
		94E440B923739DF200AF78C9 /* Resources */ = {
			isa = PBXResourcesBuildPhase;
			buildActionMask = 2147483647;
			files = (
			);
			runOnlyForDeploymentPostprocessing = 0;
		};
/* End PBXResourcesBuildPhase section */

/* Begin PBXSourcesBuildPhase section */
		94E4409823739DF100AF78C9 /* Sources */ = {
			isa = PBXSourcesBuildPhase;
			buildActionMask = 2147483647;
			files = (
				94E440A223739DF100AF78C9 /* ViewController.swift in Sources */,
				94E440A023739DF100AF78C9 /* AppDelegate.swift in Sources */,
			);
			runOnlyForDeploymentPostprocessing = 0;
		};
		94E440AC23739DF200AF78C9 /* Sources */ = {
			isa = PBXSourcesBuildPhase;
			buildActionMask = 2147483647;
			files = (
				94E440B523739DF200AF78C9 /* SensoresTests.swift in Sources */,
			);
			runOnlyForDeploymentPostprocessing = 0;
		};
		94E440B723739DF200AF78C9 /* Sources */ = {
			isa = PBXSourcesBuildPhase;
			buildActionMask = 2147483647;
			files = (
				94E440C023739DF200AF78C9 /* SensoresUITests.swift in Sources */,
			);
			runOnlyForDeploymentPostprocessing = 0;
		};
/* End PBXSourcesBuildPhase section */

/* Begin PBXTargetDependency section */
		94E440B223739DF200AF78C9 /* PBXTargetDependency */ = {
			isa = PBXTargetDependency;
			target = 94E4409B23739DF100AF78C9 /* Sensores */;
			targetProxy = 94E440B123739DF200AF78C9 /* PBXContainerItemProxy */;
		};
		94E440BD23739DF200AF78C9 /* PBXTargetDependency */ = {
			isa = PBXTargetDependency;
			target = 94E4409B23739DF100AF78C9 /* Sensores */;
			targetProxy = 94E440BC23739DF200AF78C9 /* PBXContainerItemProxy */;
		};
/* End PBXTargetDependency section */

/* Begin PBXVariantGroup section */
		94E440A323739DF100AF78C9 /* Main.storyboard */ = {
			isa = PBXVariantGroup;
			children = (
				94E440A423739DF100AF78C9 /* Base */,
			);
			name = Main.storyboard;
			sourceTree = "<group>";
		};
		94E440A823739DF200AF78C9 /* LaunchScreen.storyboard */ = {
			isa = PBXVariantGroup;
			children = (
				94E440A923739DF200AF78C9 /* Base */,
			);
			name = LaunchScreen.storyboard;
			sourceTree = "<group>";
		};
/* End PBXVariantGroup section */

/* Begin XCBuildConfiguration section */
		94E440C223739DF200AF78C9 /* Debug */ = {
			isa = XCBuildConfiguration;
			buildSettings = {
				ALWAYS_SEARCH_USER_PATHS = NO;
				CLANG_ANALYZER_NONNULL = YES;
				CLANG_ANALYZER_NUMBER_OBJECT_CONVERSION = YES_AGGRESSIVE;
				CLANG_CXX_LANGUAGE_STANDARD = "gnu++14";
				CLANG_CXX_LIBRARY = "libc++";
				CLANG_ENABLE_MODULES = YES;
				CLANG_ENABLE_OBJC_ARC = YES;
				CLANG_ENABLE_OBJC_WEAK = YES;
				CLANG_WARN_BLOCK_CAPTURE_AUTORELEASING = YES;
				CLANG_WARN_BOOL_CONVERSION = YES;
				CLANG_WARN_COMMA = YES;
				CLANG_WARN_CONSTANT_CONVERSION = YES;
				CLANG_WARN_DEPRECATED_OBJC_IMPLEMENTATIONS = YES;
				CLANG_WARN_DIRECT_OBJC_ISA_USAGE = YES_ERROR;
				CLANG_WARN_DOCUMENTATION_COMMENTS = YES;
				CLANG_WARN_EMPTY_BODY = YES;
				CLANG_WARN_ENUM_CONVERSION = YES;
				CLANG_WARN_INFINITE_RECURSION = YES;
				CLANG_WARN_INT_CONVERSION = YES;
				CLANG_WARN_NON_LITERAL_NULL_CONVERSION = YES;
				CLANG_WARN_OBJC_IMPLICIT_RETAIN_SELF = YES;
				CLANG_WARN_OBJC_LITERAL_CONVERSION = YES;
				CLANG_WARN_OBJC_ROOT_CLASS = YES_ERROR;
				CLANG_WARN_RANGE_LOOP_ANALYSIS = YES;
				CLANG_WARN_STRICT_PROTOTYPES = YES;
				CLANG_WARN_SUSPICIOUS_MOVE = YES;
				CLANG_WARN_UNGUARDED_AVAILABILITY = YES_AGGRESSIVE;
				CLANG_WARN_UNREACHABLE_CODE = YES;
				CLANG_WARN__DUPLICATE_METHOD_MATCH = YES;
				CODE_SIGN_IDENTITY = "iPhone Developer";
				COPY_PHASE_STRIP = NO;
				DEBUG_INFORMATION_FORMAT = dwarf;
				ENABLE_STRICT_OBJC_MSGSEND = YES;
				ENABLE_TESTABILITY = YES;
				GCC_C_LANGUAGE_STANDARD = gnu11;
				GCC_DYNAMIC_NO_PIC = NO;
				GCC_NO_COMMON_BLOCKS = YES;
				GCC_OPTIMIZATION_LEVEL = 0;
				GCC_PREPROCESSOR_DEFINITIONS = (
					"DEBUG=1",
					"$(inherited)",
				);
				GCC_WARN_64_TO_32_BIT_CONVERSION = YES;
				GCC_WARN_ABOUT_RETURN_TYPE = YES_ERROR;
				GCC_WARN_UNDECLARED_SELECTOR = YES;
				GCC_WARN_UNINITIALIZED_AUTOS = YES_AGGRESSIVE;
				GCC_WARN_UNUSED_FUNCTION = YES;
				GCC_WARN_UNUSED_VARIABLE = YES;
				IPHONEOS_DEPLOYMENT_TARGET = 12.4;
				MTL_ENABLE_DEBUG_INFO = INCLUDE_SOURCE;
				MTL_FAST_MATH = YES;
				ONLY_ACTIVE_ARCH = YES;
				SDKROOT = iphoneos;
				SWIFT_ACTIVE_COMPILATION_CONDITIONS = DEBUG;
				SWIFT_OPTIMIZATION_LEVEL = "-Onone";
			};
			name = Debug;
		};
		94E440C323739DF200AF78C9 /* Release */ = {
			isa = XCBuildConfiguration;
			buildSettings = {
				ALWAYS_SEARCH_USER_PATHS = NO;
				CLANG_ANALYZER_NONNULL = YES;
				CLANG_ANALYZER_NUMBER_OBJECT_CONVERSION = YES_AGGRESSIVE;
				CLANG_CXX_LANGUAGE_STANDARD = "gnu++14";
				CLANG_CXX_LIBRARY = "libc++";
				CLANG_ENABLE_MODULES = YES;
				CLANG_ENABLE_OBJC_ARC = YES;
				CLANG_ENABLE_OBJC_WEAK = YES;
				CLANG_WARN_BLOCK_CAPTURE_AUTORELEASING = YES;
				CLANG_WARN_BOOL_CONVERSION = YES;
				CLANG_WARN_COMMA = YES;
				CLANG_WARN_CONSTANT_CONVERSION = YES;
				CLANG_WARN_DEPRECATED_OBJC_IMPLEMENTATIONS = YES;
				CLANG_WARN_DIRECT_OBJC_ISA_USAGE = YES_ERROR;
				CLANG_WARN_DOCUMENTATION_COMMENTS = YES;
				CLANG_WARN_EMPTY_BODY = YES;
				CLANG_WARN_ENUM_CONVERSION = YES;
				CLANG_WARN_INFINITE_RECURSION = YES;
				CLANG_WARN_INT_CONVERSION = YES;
				CLANG_WARN_NON_LITERAL_NULL_CONVERSION = YES;
				CLANG_WARN_OBJC_IMPLICIT_RETAIN_SELF = YES;
				CLANG_WARN_OBJC_LITERAL_CONVERSION = YES;
				CLANG_WARN_OBJC_ROOT_CLASS = YES_ERROR;
				CLANG_WARN_RANGE_LOOP_ANALYSIS = YES;
				CLANG_WARN_STRICT_PROTOTYPES = YES;
				CLANG_WARN_SUSPICIOUS_MOVE = YES;
				CLANG_WARN_UNGUARDED_AVAILABILITY = YES_AGGRESSIVE;
				CLANG_WARN_UNREACHABLE_CODE = YES;
				CLANG_WARN__DUPLICATE_METHOD_MATCH = YES;
				CODE_SIGN_IDENTITY = "iPhone Developer";
				COPY_PHASE_STRIP = NO;
				DEBUG_INFORMATION_FORMAT = "dwarf-with-dsym";
				ENABLE_NS_ASSERTIONS = NO;
				ENABLE_STRICT_OBJC_MSGSEND = YES;
				GCC_C_LANGUAGE_STANDARD = gnu11;
				GCC_NO_COMMON_BLOCKS = YES;
				GCC_WARN_64_TO_32_BIT_CONVERSION = YES;
				GCC_WARN_ABOUT_RETURN_TYPE = YES_ERROR;
				GCC_WARN_UNDECLARED_SELECTOR = YES;
				GCC_WARN_UNINITIALIZED_AUTOS = YES_AGGRESSIVE;
				GCC_WARN_UNUSED_FUNCTION = YES;
				GCC_WARN_UNUSED_VARIABLE = YES;
				IPHONEOS_DEPLOYMENT_TARGET = 12.4;
				MTL_ENABLE_DEBUG_INFO = NO;
				MTL_FAST_MATH = YES;
				SDKROOT = iphoneos;
				SWIFT_COMPILATION_MODE = wholemodule;
				SWIFT_OPTIMIZATION_LEVEL = "-O";
				VALIDATE_PRODUCT = YES;
			};
			name = Release;
		};
		94E440C523739DF200AF78C9 /* Debug */ = {
			isa = XCBuildConfiguration;
			buildSettings = {
				ASSETCATALOG_COMPILER_APPICON_NAME = AppIcon;
				CODE_SIGN_STYLE = Automatic;
				DEVELOPMENT_TEAM = 86WYXJ3S6F;
				INFOPLIST_FILE = Sensores/Info.plist;
				LD_RUNPATH_SEARCH_PATHS = (
					"$(inherited)",
					"@executable_path/Frameworks",
				);
				PRODUCT_BUNDLE_IDENTIFIER = rodrigo.Sensores;
				PRODUCT_NAME = "$(TARGET_NAME)";
				SWIFT_VERSION = 5.0;
				TARGETED_DEVICE_FAMILY = 1;
			};
			name = Debug;
		};
		94E440C623739DF200AF78C9 /* Release */ = {
			isa = XCBuildConfiguration;
			buildSettings = {
				ASSETCATALOG_COMPILER_APPICON_NAME = AppIcon;
				CODE_SIGN_STYLE = Automatic;
				DEVELOPMENT_TEAM = 86WYXJ3S6F;
				INFOPLIST_FILE = Sensores/Info.plist;
				LD_RUNPATH_SEARCH_PATHS = (
					"$(inherited)",
					"@executable_path/Frameworks",
				);
				PRODUCT_BUNDLE_IDENTIFIER = rodrigo.Sensores;
				PRODUCT_NAME = "$(TARGET_NAME)";
				SWIFT_VERSION = 5.0;
				TARGETED_DEVICE_FAMILY = 1;
			};
			name = Release;
		};
		94E440C823739DF200AF78C9 /* Debug */ = {
			isa = XCBuildConfiguration;
			buildSettings = {
				ALWAYS_EMBED_SWIFT_STANDARD_LIBRARIES = YES;
				BUNDLE_LOADER = "$(TEST_HOST)";
				CODE_SIGN_STYLE = Automatic;
				DEVELOPMENT_TEAM = 86WYXJ3S6F;
				INFOPLIST_FILE = SensoresTests/Info.plist;
				LD_RUNPATH_SEARCH_PATHS = (
					"$(inherited)",
					"@executable_path/Frameworks",
					"@loader_path/Frameworks",
				);
				PRODUCT_BUNDLE_IDENTIFIER = rodrigo.SensoresTests;
				PRODUCT_NAME = "$(TARGET_NAME)";
				SWIFT_VERSION = 5.0;
				TARGETED_DEVICE_FAMILY = "1,2";
				TEST_HOST = "$(BUILT_PRODUCTS_DIR)/Sensores.app/Sensores";
			};
			name = Debug;
		};
		94E440C923739DF200AF78C9 /* Release */ = {
			isa = XCBuildConfiguration;
			buildSettings = {
				ALWAYS_EMBED_SWIFT_STANDARD_LIBRARIES = YES;
				BUNDLE_LOADER = "$(TEST_HOST)";
				CODE_SIGN_STYLE = Automatic;
				DEVELOPMENT_TEAM = 86WYXJ3S6F;
				INFOPLIST_FILE = SensoresTests/Info.plist;
				LD_RUNPATH_SEARCH_PATHS = (
					"$(inherited)",
					"@executable_path/Frameworks",
					"@loader_path/Frameworks",
				);
				PRODUCT_BUNDLE_IDENTIFIER = rodrigo.SensoresTests;
				PRODUCT_NAME = "$(TARGET_NAME)";
				SWIFT_VERSION = 5.0;
				TARGETED_DEVICE_FAMILY = "1,2";
				TEST_HOST = "$(BUILT_PRODUCTS_DIR)/Sensores.app/Sensores";
			};
			name = Release;
		};
		94E440CB23739DF200AF78C9 /* Debug */ = {
			isa = XCBuildConfiguration;
			buildSettings = {
				ALWAYS_EMBED_SWIFT_STANDARD_LIBRARIES = YES;
				CODE_SIGN_STYLE = Automatic;
				DEVELOPMENT_TEAM = 86WYXJ3S6F;
				INFOPLIST_FILE = SensoresUITests/Info.plist;
				LD_RUNPATH_SEARCH_PATHS = (
					"$(inherited)",
					"@executable_path/Frameworks",
					"@loader_path/Frameworks",
				);
				PRODUCT_BUNDLE_IDENTIFIER = rodrigo.SensoresUITests;
				PRODUCT_NAME = "$(TARGET_NAME)";
				SWIFT_VERSION = 5.0;
				TARGETED_DEVICE_FAMILY = "1,2";
				TEST_TARGET_NAME = Sensores;
			};
			name = Debug;
		};
		94E440CC23739DF200AF78C9 /* Release */ = {
			isa = XCBuildConfiguration;
			buildSettings = {
				ALWAYS_EMBED_SWIFT_STANDARD_LIBRARIES = YES;
				CODE_SIGN_STYLE = Automatic;
				DEVELOPMENT_TEAM = 86WYXJ3S6F;
				INFOPLIST_FILE = SensoresUITests/Info.plist;
				LD_RUNPATH_SEARCH_PATHS = (
					"$(inherited)",
					"@executable_path/Frameworks",
					"@loader_path/Frameworks",
				);
				PRODUCT_BUNDLE_IDENTIFIER = rodrigo.SensoresUITests;
				PRODUCT_NAME = "$(TARGET_NAME)";
				SWIFT_VERSION = 5.0;
				TARGETED_DEVICE_FAMILY = "1,2";
				TEST_TARGET_NAME = Sensores;
			};
			name = Release;
		};
/* End XCBuildConfiguration section */

/* Begin XCConfigurationList section */
		94E4409723739DF100AF78C9 /* Build configuration list for PBXProject "Sensores" */ = {
			isa = XCConfigurationList;
			buildConfigurations = (
				94E440C223739DF200AF78C9 /* Debug */,
				94E440C323739DF200AF78C9 /* Release */,
			);
			defaultConfigurationIsVisible = 0;
			defaultConfigurationName = Release;
		};
		94E440C423739DF200AF78C9 /* Build configuration list for PBXNativeTarget "Sensores" */ = {
			isa = XCConfigurationList;
			buildConfigurations = (
				94E440C523739DF200AF78C9 /* Debug */,
				94E440C623739DF200AF78C9 /* Release */,
			);
			defaultConfigurationIsVisible = 0;
			defaultConfigurationName = Release;
		};
		94E440C723739DF200AF78C9 /* Build configuration list for PBXNativeTarget "SensoresTests" */ = {
			isa = XCConfigurationList;
			buildConfigurations = (
				94E440C823739DF200AF78C9 /* Debug */,
				94E440C923739DF200AF78C9 /* Release */,
			);
			defaultConfigurationIsVisible = 0;
			defaultConfigurationName = Release;
		};
		94E440CA23739DF200AF78C9 /* Build configuration list for PBXNativeTarget "SensoresUITests" */ = {
			isa = XCConfigurationList;
			buildConfigurations = (
				94E440CB23739DF200AF78C9 /* Debug */,
				94E440CC23739DF200AF78C9 /* Release */,
			);
			defaultConfigurationIsVisible = 0;
			defaultConfigurationName = Release;
		};
/* End XCConfigurationList section */
	};
	rootObject = 94E4409423739DF100AF78C9 /* Project object */;
}
