// !$*UTF8*$!
{
	archiveVersion = 1;
	classes = {
	};
	objectVersion = 50;
	objects = {

/* Begin PBXBuildFile section */
		945C8C7A23398FE3000F033B /* HipnosisView.swift in Sources */ = {isa = PBXBuildFile; fileRef = 945C8C7923398FE3000F033B /* HipnosisView.swift */; };
		945C8C7C23399477000F033B /* RecordatorioViewController.swift in Sources */ = {isa = PBXBuildFile; fileRef = 945C8C7B23399477000F033B /* RecordatorioViewController.swift */; };
		94D992FC233C31CD0049A447 /* iconos HH in Resources */ = {isa = PBXBuildFile; fileRef = 94D992FB233C31CD0049A447 /* iconos HH */; };
		94D992FE233C34160049A447 /* HipnosisViewController.swift in Sources */ = {isa = PBXBuildFile; fileRef = 94D992FD233C34160049A447 /* HipnosisViewController.swift */; };
		94EA38DD233305B100528EA1 /* AppDelegate.swift in Sources */ = {isa = PBXBuildFile; fileRef = 94EA38DC233305B100528EA1 /* AppDelegate.swift */; };
		94EA38E2233305B100528EA1 /* Main.storyboard in Resources */ = {isa = PBXBuildFile; fileRef = 94EA38E0233305B100528EA1 /* Main.storyboard */; };
		94EA38E4233305B100528EA1 /* Assets.xcassets in Resources */ = {isa = PBXBuildFile; fileRef = 94EA38E3233305B100528EA1 /* Assets.xcassets */; };
		94EA38E7233305B100528EA1 /* LaunchScreen.storyboard in Resources */ = {isa = PBXBuildFile; fileRef = 94EA38E5233305B100528EA1 /* LaunchScreen.storyboard */; };
		94EA38F2233305B100528EA1 /* HipnoHoraTests.swift in Sources */ = {isa = PBXBuildFile; fileRef = 94EA38F1233305B100528EA1 /* HipnoHoraTests.swift */; };
		94EA38FD233305B100528EA1 /* HipnoHoraUITests.swift in Sources */ = {isa = PBXBuildFile; fileRef = 94EA38FC233305B100528EA1 /* HipnoHoraUITests.swift */; };
/* End PBXBuildFile section */

/* Begin PBXContainerItemProxy section */
		94EA38EE233305B100528EA1 /* PBXContainerItemProxy */ = {
			isa = PBXContainerItemProxy;
			containerPortal = 94EA38D1233305B100528EA1 /* Project object */;
			proxyType = 1;
			remoteGlobalIDString = 94EA38D8233305B100528EA1;
			remoteInfo = HipnoHora;
		};
		94EA38F9233305B100528EA1 /* PBXContainerItemProxy */ = {
			isa = PBXContainerItemProxy;
			containerPortal = 94EA38D1233305B100528EA1 /* Project object */;
			proxyType = 1;
			remoteGlobalIDString = 94EA38D8233305B100528EA1;
			remoteInfo = HipnoHora;
		};
/* End PBXContainerItemProxy section */

/* Begin PBXFileReference section */
		945C8C7923398FE3000F033B /* HipnosisView.swift */ = {isa = PBXFileReference; fileEncoding = 4; lastKnownFileType = sourcecode.swift; name = HipnosisView.swift; path = ../../Hipnosis/Hipnosis/HipnosisView.swift; sourceTree = "<group>"; };
		945C8C7B23399477000F033B /* RecordatorioViewController.swift */ = {isa = PBXFileReference; lastKnownFileType = sourcecode.swift; path = RecordatorioViewController.swift; sourceTree = "<group>"; };
		94D992FB233C31CD0049A447 /* iconos HH */ = {isa = PBXFileReference; lastKnownFileType = folder; path = "iconos HH"; sourceTree = "<group>"; };
		94D992FD233C34160049A447 /* HipnosisViewController.swift */ = {isa = PBXFileReference; lastKnownFileType = sourcecode.swift; path = HipnosisViewController.swift; sourceTree = "<group>"; };
		94DB0B4E233C3CB1000BE226 /* Hora.png */ = {isa = PBXFileReference; lastKnownFileType = image.png; path = Hora.png; sourceTree = "<group>"; };
		94DB0B4F233C3CB1000BE226 /* Hipno.png */ = {isa = PBXFileReference; lastKnownFileType = image.png; path = Hipno.png; sourceTree = "<group>"; };
		94EA38D9233305B100528EA1 /* HipnoHora.app */ = {isa = PBXFileReference; explicitFileType = wrapper.application; includeInIndex = 0; path = HipnoHora.app; sourceTree = BUILT_PRODUCTS_DIR; };
		94EA38DC233305B100528EA1 /* AppDelegate.swift */ = {isa = PBXFileReference; lastKnownFileType = sourcecode.swift; path = AppDelegate.swift; sourceTree = "<group>"; };
		94EA38E1233305B100528EA1 /* Base */ = {isa = PBXFileReference; lastKnownFileType = file.storyboard; name = Base; path = Base.lproj/Main.storyboard; sourceTree = "<group>"; };
		94EA38E3233305B100528EA1 /* Assets.xcassets */ = {isa = PBXFileReference; lastKnownFileType = folder.assetcatalog; path = Assets.xcassets; sourceTree = "<group>"; };
		94EA38E6233305B100528EA1 /* Base */ = {isa = PBXFileReference; lastKnownFileType = file.storyboard; name = Base; path = Base.lproj/LaunchScreen.storyboard; sourceTree = "<group>"; };
		94EA38E8233305B100528EA1 /* Info.plist */ = {isa = PBXFileReference; lastKnownFileType = text.plist.xml; path = Info.plist; sourceTree = "<group>"; };
		94EA38ED233305B100528EA1 /* HipnoHoraTests.xctest */ = {isa = PBXFileReference; explicitFileType = wrapper.cfbundle; includeInIndex = 0; path = HipnoHoraTests.xctest; sourceTree = BUILT_PRODUCTS_DIR; };
		94EA38F1233305B100528EA1 /* HipnoHoraTests.swift */ = {isa = PBXFileReference; lastKnownFileType = sourcecode.swift; path = HipnoHoraTests.swift; sourceTree = "<group>"; };
		94EA38F3233305B100528EA1 /* Info.plist */ = {isa = PBXFileReference; lastKnownFileType = text.plist.xml; path = Info.plist; sourceTree = "<group>"; };
		94EA38F8233305B100528EA1 /* HipnoHoraUITests.xctest */ = {isa = PBXFileReference; explicitFileType = wrapper.cfbundle; includeInIndex = 0; path = HipnoHoraUITests.xctest; sourceTree = BUILT_PRODUCTS_DIR; };
		94EA38FC233305B100528EA1 /* HipnoHoraUITests.swift */ = {isa = PBXFileReference; lastKnownFileType = sourcecode.swift; path = HipnoHoraUITests.swift; sourceTree = "<group>"; };
		94EA38FE233305B100528EA1 /* Info.plist */ = {isa = PBXFileReference; lastKnownFileType = text.plist.xml; path = Info.plist; sourceTree = "<group>"; };
/* End PBXFileReference section */

/* Begin PBXFrameworksBuildPhase section */
		94EA38D6233305B100528EA1 /* Frameworks */ = {
			isa = PBXFrameworksBuildPhase;
			buildActionMask = 2147483647;
			files = (
			);
			runOnlyForDeploymentPostprocessing = 0;
		};
		94EA38EA233305B100528EA1 /* Frameworks */ = {
			isa = PBXFrameworksBuildPhase;
			buildActionMask = 2147483647;
			files = (
			);
			runOnlyForDeploymentPostprocessing = 0;
		};
		94EA38F5233305B100528EA1 /* Frameworks */ = {
			isa = PBXFrameworksBuildPhase;
			buildActionMask = 2147483647;
			files = (
			);
			runOnlyForDeploymentPostprocessing = 0;
		};
/* End PBXFrameworksBuildPhase section */

/* Begin PBXGroup section */
		94EA38D0233305B100528EA1 = {
			isa = PBXGroup;
			children = (
				94EA38DB233305B100528EA1 /* HipnoHora */,
				94EA38F0233305B100528EA1 /* HipnoHoraTests */,
				94EA38FB233305B100528EA1 /* HipnoHoraUITests */,
				94EA38DA233305B100528EA1 /* Products */,
			);
			sourceTree = "<group>";
		};
		94EA38DA233305B100528EA1 /* Products */ = {
			isa = PBXGroup;
			children = (
				94EA38D9233305B100528EA1 /* HipnoHora.app */,
				94EA38ED233305B100528EA1 /* HipnoHoraTests.xctest */,
				94EA38F8233305B100528EA1 /* HipnoHoraUITests.xctest */,
			);
			name = Products;
			sourceTree = "<group>";
		};
		94EA38DB233305B100528EA1 /* HipnoHora */ = {
			isa = PBXGroup;
			children = (
				94D992FB233C31CD0049A447 /* iconos HH */,
				945C8C7B23399477000F033B /* RecordatorioViewController.swift */,
				94D992FD233C34160049A447 /* HipnosisViewController.swift */,
				94EA38DC233305B100528EA1 /* AppDelegate.swift */,
				94EA38E0233305B100528EA1 /* Main.storyboard */,
				945C8C7923398FE3000F033B /* HipnosisView.swift */,
				94EA38E3233305B100528EA1 /* Assets.xcassets */,
				94EA38E5233305B100528EA1 /* LaunchScreen.storyboard */,
				94EA38E8233305B100528EA1 /* Info.plist */,
				94DB0B4F233C3CB1000BE226 /* Hipno.png */,
				94DB0B4E233C3CB1000BE226 /* Hora.png */,
			);
			path = HipnoHora;
			sourceTree = "<group>";
		};
		94EA38F0233305B100528EA1 /* HipnoHoraTests */ = {
			isa = PBXGroup;
			children = (
				94EA38F1233305B100528EA1 /* HipnoHoraTests.swift */,
				94EA38F3233305B100528EA1 /* Info.plist */,
			);
			path = HipnoHoraTests;
			sourceTree = "<group>";
		};
		94EA38FB233305B100528EA1 /* HipnoHoraUITests */ = {
			isa = PBXGroup;
			children = (
				94EA38FC233305B100528EA1 /* HipnoHoraUITests.swift */,
				94EA38FE233305B100528EA1 /* Info.plist */,
			);
			path = HipnoHoraUITests;
			sourceTree = "<group>";
		};
/* End PBXGroup section */

/* Begin PBXNativeTarget section */
		94EA38D8233305B100528EA1 /* HipnoHora */ = {
			isa = PBXNativeTarget;
			buildConfigurationList = 94EA3901233305B100528EA1 /* Build configuration list for PBXNativeTarget "HipnoHora" */;
			buildPhases = (
				94EA38D5233305B100528EA1 /* Sources */,
				94EA38D6233305B100528EA1 /* Frameworks */,
				94EA38D7233305B100528EA1 /* Resources */,
			);
			buildRules = (
			);
			dependencies = (
			);
			name = HipnoHora;
			productName = HipnoHora;
			productReference = 94EA38D9233305B100528EA1 /* HipnoHora.app */;
			productType = "com.apple.product-type.application";
		};
		94EA38EC233305B100528EA1 /* HipnoHoraTests */ = {
			isa = PBXNativeTarget;
			buildConfigurationList = 94EA3904233305B100528EA1 /* Build configuration list for PBXNativeTarget "HipnoHoraTests" */;
			buildPhases = (
				94EA38E9233305B100528EA1 /* Sources */,
				94EA38EA233305B100528EA1 /* Frameworks */,
				94EA38EB233305B100528EA1 /* Resources */,
			);
			buildRules = (
			);
			dependencies = (
				94EA38EF233305B100528EA1 /* PBXTargetDependency */,
			);
			name = HipnoHoraTests;
			productName = HipnoHoraTests;
			productReference = 94EA38ED233305B100528EA1 /* HipnoHoraTests.xctest */;
			productType = "com.apple.product-type.bundle.unit-test";
		};
		94EA38F7233305B100528EA1 /* HipnoHoraUITests */ = {
			isa = PBXNativeTarget;
			buildConfigurationList = 94EA3907233305B100528EA1 /* Build configuration list for PBXNativeTarget "HipnoHoraUITests" */;
			buildPhases = (
				94EA38F4233305B100528EA1 /* Sources */,
				94EA38F5233305B100528EA1 /* Frameworks */,
				94EA38F6233305B100528EA1 /* Resources */,
			);
			buildRules = (
			);
			dependencies = (
				94EA38FA233305B100528EA1 /* PBXTargetDependency */,
			);
			name = HipnoHoraUITests;
			productName = HipnoHoraUITests;
			productReference = 94EA38F8233305B100528EA1 /* HipnoHoraUITests.xctest */;
			productType = "com.apple.product-type.bundle.ui-testing";
		};
/* End PBXNativeTarget section */

/* Begin PBXProject section */
		94EA38D1233305B100528EA1 /* Project object */ = {
			isa = PBXProject;
			attributes = {
				LastSwiftUpdateCheck = 1030;
				LastUpgradeCheck = 1030;
				ORGANIZATIONNAME = "Arce Anguiano Rodrigo Roberto";
				TargetAttributes = {
					94EA38D8233305B100528EA1 = {
						CreatedOnToolsVersion = 10.3;
					};
					94EA38EC233305B100528EA1 = {
						CreatedOnToolsVersion = 10.3;
						TestTargetID = 94EA38D8233305B100528EA1;
					};
					94EA38F7233305B100528EA1 = {
						CreatedOnToolsVersion = 10.3;
						TestTargetID = 94EA38D8233305B100528EA1;
					};
				};
			};
			buildConfigurationList = 94EA38D4233305B100528EA1 /* Build configuration list for PBXProject "HipnoHora" */;
			compatibilityVersion = "Xcode 9.3";
			developmentRegion = en;
			hasScannedForEncodings = 0;
			knownRegions = (
				en,
				Base,
			);
			mainGroup = 94EA38D0233305B100528EA1;
			productRefGroup = 94EA38DA233305B100528EA1 /* Products */;
			projectDirPath = "";
			projectRoot = "";
			targets = (
				94EA38D8233305B100528EA1 /* HipnoHora */,
				94EA38EC233305B100528EA1 /* HipnoHoraTests */,
				94EA38F7233305B100528EA1 /* HipnoHoraUITests */,
			);
		};
/* End PBXProject section */

/* Begin PBXResourcesBuildPhase section */
		94EA38D7233305B100528EA1 /* Resources */ = {
			isa = PBXResourcesBuildPhase;
			buildActionMask = 2147483647;
			files = (
				94D992FC233C31CD0049A447 /* iconos HH in Resources */,
				94EA38E7233305B100528EA1 /* LaunchScreen.storyboard in Resources */,
				94EA38E4233305B100528EA1 /* Assets.xcassets in Resources */,
				94EA38E2233305B100528EA1 /* Main.storyboard in Resources */,
			);
			runOnlyForDeploymentPostprocessing = 0;
		};
		94EA38EB233305B100528EA1 /* Resources */ = {
			isa = PBXResourcesBuildPhase;
			buildActionMask = 2147483647;
			files = (
			);
			runOnlyForDeploymentPostprocessing = 0;
		};
		94EA38F6233305B100528EA1 /* Resources */ = {
			isa = PBXResourcesBuildPhase;
			buildActionMask = 2147483647;
			files = (
			);
			runOnlyForDeploymentPostprocessing = 0;
		};
/* End PBXResourcesBuildPhase section */

/* Begin PBXSourcesBuildPhase section */
		94EA38D5233305B100528EA1 /* Sources */ = {
			isa = PBXSourcesBuildPhase;
			buildActionMask = 2147483647;
			files = (
				945C8C7C23399477000F033B /* RecordatorioViewController.swift in Sources */,
				94EA38DD233305B100528EA1 /* AppDelegate.swift in Sources */,
				945C8C7A23398FE3000F033B /* HipnosisView.swift in Sources */,
				94D992FE233C34160049A447 /* HipnosisViewController.swift in Sources */,
			);
			runOnlyForDeploymentPostprocessing = 0;
		};
		94EA38E9233305B100528EA1 /* Sources */ = {
			isa = PBXSourcesBuildPhase;
			buildActionMask = 2147483647;
			files = (
				94EA38F2233305B100528EA1 /* HipnoHoraTests.swift in Sources */,
			);
			runOnlyForDeploymentPostprocessing = 0;
		};
		94EA38F4233305B100528EA1 /* Sources */ = {
			isa = PBXSourcesBuildPhase;
			buildActionMask = 2147483647;
			files = (
				94EA38FD233305B100528EA1 /* HipnoHoraUITests.swift in Sources */,
			);
			runOnlyForDeploymentPostprocessing = 0;
		};
/* End PBXSourcesBuildPhase section */

/* Begin PBXTargetDependency section */
		94EA38EF233305B100528EA1 /* PBXTargetDependency */ = {
			isa = PBXTargetDependency;
			target = 94EA38D8233305B100528EA1 /* HipnoHora */;
			targetProxy = 94EA38EE233305B100528EA1 /* PBXContainerItemProxy */;
		};
		94EA38FA233305B100528EA1 /* PBXTargetDependency */ = {
			isa = PBXTargetDependency;
			target = 94EA38D8233305B100528EA1 /* HipnoHora */;
			targetProxy = 94EA38F9233305B100528EA1 /* PBXContainerItemProxy */;
		};
/* End PBXTargetDependency section */

/* Begin PBXVariantGroup section */
		94EA38E0233305B100528EA1 /* Main.storyboard */ = {
			isa = PBXVariantGroup;
			children = (
				94EA38E1233305B100528EA1 /* Base */,
			);
			name = Main.storyboard;
			sourceTree = "<group>";
		};
		94EA38E5233305B100528EA1 /* LaunchScreen.storyboard */ = {
			isa = PBXVariantGroup;
			children = (
				94EA38E6233305B100528EA1 /* Base */,
			);
			name = LaunchScreen.storyboard;
			sourceTree = "<group>";
		};
/* End PBXVariantGroup section */

/* Begin XCBuildConfiguration section */
		94EA38FF233305B100528EA1 /* Debug */ = {
			isa = XCBuildConfiguration;
			buildSettings = {
				ALWAYS_SEARCH_USER_PATHS = NO;
				CLANG_ANALYZER_NONNULL = YES;
				CLANG_ANALYZER_NUMBER_OBJECT_CONVERSION = YES_AGGRESSIVE;
				CLANG_CXX_LANGUAGE_STANDARD = "gnu++14";
				CLANG_CXX_LIBRARY = "libc++";
				CLANG_ENABLE_MODULES = YES;
				CLANG_ENABLE_OBJC_ARC = YES;
				CLANG_ENABLE_OBJC_WEAK = YES;
				CLANG_WARN_BLOCK_CAPTURE_AUTORELEASING = YES;
				CLANG_WARN_BOOL_CONVERSION = YES;
				CLANG_WARN_COMMA = YES;
				CLANG_WARN_CONSTANT_CONVERSION = YES;
				CLANG_WARN_DEPRECATED_OBJC_IMPLEMENTATIONS = YES;
				CLANG_WARN_DIRECT_OBJC_ISA_USAGE = YES_ERROR;
				CLANG_WARN_DOCUMENTATION_COMMENTS = YES;
				CLANG_WARN_EMPTY_BODY = YES;
				CLANG_WARN_ENUM_CONVERSION = YES;
				CLANG_WARN_INFINITE_RECURSION = YES;
				CLANG_WARN_INT_CONVERSION = YES;
				CLANG_WARN_NON_LITERAL_NULL_CONVERSION = YES;
				CLANG_WARN_OBJC_IMPLICIT_RETAIN_SELF = YES;
				CLANG_WARN_OBJC_LITERAL_CONVERSION = YES;
				CLANG_WARN_OBJC_ROOT_CLASS = YES_ERROR;
				CLANG_WARN_RANGE_LOOP_ANALYSIS = YES;
				CLANG_WARN_STRICT_PROTOTYPES = YES;
				CLANG_WARN_SUSPICIOUS_MOVE = YES;
				CLANG_WARN_UNGUARDED_AVAILABILITY = YES_AGGRESSIVE;
				CLANG_WARN_UNREACHABLE_CODE = YES;
				CLANG_WARN__DUPLICATE_METHOD_MATCH = YES;
				CODE_SIGN_IDENTITY = "iPhone Developer";
				COPY_PHASE_STRIP = NO;
				DEBUG_INFORMATION_FORMAT = dwarf;
				ENABLE_STRICT_OBJC_MSGSEND = YES;
				ENABLE_TESTABILITY = YES;
				GCC_C_LANGUAGE_STANDARD = gnu11;
				GCC_DYNAMIC_NO_PIC = NO;
				GCC_NO_COMMON_BLOCKS = YES;
				GCC_OPTIMIZATION_LEVEL = 0;
				GCC_PREPROCESSOR_DEFINITIONS = (
					"DEBUG=1",
					"$(inherited)",
				);
				GCC_WARN_64_TO_32_BIT_CONVERSION = YES;
				GCC_WARN_ABOUT_RETURN_TYPE = YES_ERROR;
				GCC_WARN_UNDECLARED_SELECTOR = YES;
				GCC_WARN_UNINITIALIZED_AUTOS = YES_AGGRESSIVE;
				GCC_WARN_UNUSED_FUNCTION = YES;
				GCC_WARN_UNUSED_VARIABLE = YES;
				IPHONEOS_DEPLOYMENT_TARGET = 12.4;
				MTL_ENABLE_DEBUG_INFO = INCLUDE_SOURCE;
				MTL_FAST_MATH = YES;
				ONLY_ACTIVE_ARCH = YES;
				SDKROOT = iphoneos;
				SWIFT_ACTIVE_COMPILATION_CONDITIONS = DEBUG;
				SWIFT_OPTIMIZATION_LEVEL = "-Onone";
			};
			name = Debug;
		};
		94EA3900233305B100528EA1 /* Release */ = {
			isa = XCBuildConfiguration;
			buildSettings = {
				ALWAYS_SEARCH_USER_PATHS = NO;
				CLANG_ANALYZER_NONNULL = YES;
				CLANG_ANALYZER_NUMBER_OBJECT_CONVERSION = YES_AGGRESSIVE;
				CLANG_CXX_LANGUAGE_STANDARD = "gnu++14";
				CLANG_CXX_LIBRARY = "libc++";
				CLANG_ENABLE_MODULES = YES;
				CLANG_ENABLE_OBJC_ARC = YES;
				CLANG_ENABLE_OBJC_WEAK = YES;
				CLANG_WARN_BLOCK_CAPTURE_AUTORELEASING = YES;
				CLANG_WARN_BOOL_CONVERSION = YES;
				CLANG_WARN_COMMA = YES;
				CLANG_WARN_CONSTANT_CONVERSION = YES;
				CLANG_WARN_DEPRECATED_OBJC_IMPLEMENTATIONS = YES;
				CLANG_WARN_DIRECT_OBJC_ISA_USAGE = YES_ERROR;
				CLANG_WARN_DOCUMENTATION_COMMENTS = YES;
				CLANG_WARN_EMPTY_BODY = YES;
				CLANG_WARN_ENUM_CONVERSION = YES;
				CLANG_WARN_INFINITE_RECURSION = YES;
				CLANG_WARN_INT_CONVERSION = YES;
				CLANG_WARN_NON_LITERAL_NULL_CONVERSION = YES;
				CLANG_WARN_OBJC_IMPLICIT_RETAIN_SELF = YES;
				CLANG_WARN_OBJC_LITERAL_CONVERSION = YES;
				CLANG_WARN_OBJC_ROOT_CLASS = YES_ERROR;
				CLANG_WARN_RANGE_LOOP_ANALYSIS = YES;
				CLANG_WARN_STRICT_PROTOTYPES = YES;
				CLANG_WARN_SUSPICIOUS_MOVE = YES;
				CLANG_WARN_UNGUARDED_AVAILABILITY = YES_AGGRESSIVE;
				CLANG_WARN_UNREACHABLE_CODE = YES;
				CLANG_WARN__DUPLICATE_METHOD_MATCH = YES;
				CODE_SIGN_IDENTITY = "iPhone Developer";
				COPY_PHASE_STRIP = NO;
				DEBUG_INFORMATION_FORMAT = "dwarf-with-dsym";
				ENABLE_NS_ASSERTIONS = NO;
				ENABLE_STRICT_OBJC_MSGSEND = YES;
				GCC_C_LANGUAGE_STANDARD = gnu11;
				GCC_NO_COMMON_BLOCKS = YES;
				GCC_WARN_64_TO_32_BIT_CONVERSION = YES;
				GCC_WARN_ABOUT_RETURN_TYPE = YES_ERROR;
				GCC_WARN_UNDECLARED_SELECTOR = YES;
				GCC_WARN_UNINITIALIZED_AUTOS = YES_AGGRESSIVE;
				GCC_WARN_UNUSED_FUNCTION = YES;
				GCC_WARN_UNUSED_VARIABLE = YES;
				IPHONEOS_DEPLOYMENT_TARGET = 12.4;
				MTL_ENABLE_DEBUG_INFO = NO;
				MTL_FAST_MATH = YES;
				SDKROOT = iphoneos;
				SWIFT_COMPILATION_MODE = wholemodule;
				SWIFT_OPTIMIZATION_LEVEL = "-O";
				VALIDATE_PRODUCT = YES;
			};
			name = Release;
		};
		94EA3902233305B100528EA1 /* Debug */ = {
			isa = XCBuildConfiguration;
			buildSettings = {
				ASSETCATALOG_COMPILER_APPICON_NAME = AppIcon;
				CODE_SIGN_STYLE = Automatic;
				DEVELOPMENT_TEAM = 86WYXJ3S6F;
				INFOPLIST_FILE = HipnoHora/Info.plist;
				LD_RUNPATH_SEARCH_PATHS = (
					"$(inherited)",
					"@executable_path/Frameworks",
				);
				PRODUCT_BUNDLE_IDENTIFIER = rodrigo.HipnoHora;
				PRODUCT_NAME = "$(TARGET_NAME)";
				SWIFT_VERSION = 5.0;
				TARGETED_DEVICE_FAMILY = "1,2";
			};
			name = Debug;
		};
		94EA3903233305B100528EA1 /* Release */ = {
			isa = XCBuildConfiguration;
			buildSettings = {
				ASSETCATALOG_COMPILER_APPICON_NAME = AppIcon;
				CODE_SIGN_STYLE = Automatic;
				DEVELOPMENT_TEAM = 86WYXJ3S6F;
				INFOPLIST_FILE = HipnoHora/Info.plist;
				LD_RUNPATH_SEARCH_PATHS = (
					"$(inherited)",
					"@executable_path/Frameworks",
				);
				PRODUCT_BUNDLE_IDENTIFIER = rodrigo.HipnoHora;
				PRODUCT_NAME = "$(TARGET_NAME)";
				SWIFT_VERSION = 5.0;
				TARGETED_DEVICE_FAMILY = "1,2";
			};
			name = Release;
		};
		94EA3905233305B100528EA1 /* Debug */ = {
			isa = XCBuildConfiguration;
			buildSettings = {
				ALWAYS_EMBED_SWIFT_STANDARD_LIBRARIES = YES;
				BUNDLE_LOADER = "$(TEST_HOST)";
				CODE_SIGN_STYLE = Automatic;
				DEVELOPMENT_TEAM = 86WYXJ3S6F;
				INFOPLIST_FILE = HipnoHoraTests/Info.plist;
				LD_RUNPATH_SEARCH_PATHS = (
					"$(inherited)",
					"@executable_path/Frameworks",
					"@loader_path/Frameworks",
				);
				PRODUCT_BUNDLE_IDENTIFIER = rodrigo.HipnoHoraTests;
				PRODUCT_NAME = "$(TARGET_NAME)";
				SWIFT_VERSION = 5.0;
				TARGETED_DEVICE_FAMILY = "1,2";
				TEST_HOST = "$(BUILT_PRODUCTS_DIR)/HipnoHora.app/HipnoHora";
			};
			name = Debug;
		};
		94EA3906233305B100528EA1 /* Release */ = {
			isa = XCBuildConfiguration;
			buildSettings = {
				ALWAYS_EMBED_SWIFT_STANDARD_LIBRARIES = YES;
				BUNDLE_LOADER = "$(TEST_HOST)";
				CODE_SIGN_STYLE = Automatic;
				DEVELOPMENT_TEAM = 86WYXJ3S6F;
				INFOPLIST_FILE = HipnoHoraTests/Info.plist;
				LD_RUNPATH_SEARCH_PATHS = (
					"$(inherited)",
					"@executable_path/Frameworks",
					"@loader_path/Frameworks",
				);
				PRODUCT_BUNDLE_IDENTIFIER = rodrigo.HipnoHoraTests;
				PRODUCT_NAME = "$(TARGET_NAME)";
				SWIFT_VERSION = 5.0;
				TARGETED_DEVICE_FAMILY = "1,2";
				TEST_HOST = "$(BUILT_PRODUCTS_DIR)/HipnoHora.app/HipnoHora";
			};
			name = Release;
		};
		94EA3908233305B100528EA1 /* Debug */ = {
			isa = XCBuildConfiguration;
			buildSettings = {
				ALWAYS_EMBED_SWIFT_STANDARD_LIBRARIES = YES;
				CODE_SIGN_STYLE = Automatic;
				DEVELOPMENT_TEAM = 86WYXJ3S6F;
				INFOPLIST_FILE = HipnoHoraUITests/Info.plist;
				LD_RUNPATH_SEARCH_PATHS = (
					"$(inherited)",
					"@executable_path/Frameworks",
					"@loader_path/Frameworks",
				);
				PRODUCT_BUNDLE_IDENTIFIER = rodrigo.HipnoHoraUITests;
				PRODUCT_NAME = "$(TARGET_NAME)";
				SWIFT_VERSION = 5.0;
				TARGETED_DEVICE_FAMILY = "1,2";
				TEST_TARGET_NAME = HipnoHora;
			};
			name = Debug;
		};
		94EA3909233305B100528EA1 /* Release */ = {
			isa = XCBuildConfiguration;
			buildSettings = {
				ALWAYS_EMBED_SWIFT_STANDARD_LIBRARIES = YES;
				CODE_SIGN_STYLE = Automatic;
				DEVELOPMENT_TEAM = 86WYXJ3S6F;
				INFOPLIST_FILE = HipnoHoraUITests/Info.plist;
				LD_RUNPATH_SEARCH_PATHS = (
					"$(inherited)",
					"@executable_path/Frameworks",
					"@loader_path/Frameworks",
				);
				PRODUCT_BUNDLE_IDENTIFIER = rodrigo.HipnoHoraUITests;
				PRODUCT_NAME = "$(TARGET_NAME)";
				SWIFT_VERSION = 5.0;
				TARGETED_DEVICE_FAMILY = "1,2";
				TEST_TARGET_NAME = HipnoHora;
			};
			name = Release;
		};
/* End XCBuildConfiguration section */

/* Begin XCConfigurationList section */
		94EA38D4233305B100528EA1 /* Build configuration list for PBXProject "HipnoHora" */ = {
			isa = XCConfigurationList;
			buildConfigurations = (
				94EA38FF233305B100528EA1 /* Debug */,
				94EA3900233305B100528EA1 /* Release */,
			);
			defaultConfigurationIsVisible = 0;
			defaultConfigurationName = Release;
		};
		94EA3901233305B100528EA1 /* Build configuration list for PBXNativeTarget "HipnoHora" */ = {
			isa = XCConfigurationList;
			buildConfigurations = (
				94EA3902233305B100528EA1 /* Debug */,
				94EA3903233305B100528EA1 /* Release */,
			);
			defaultConfigurationIsVisible = 0;
			defaultConfigurationName = Release;
		};
		94EA3904233305B100528EA1 /* Build configuration list for PBXNativeTarget "HipnoHoraTests" */ = {
			isa = XCConfigurationList;
			buildConfigurations = (
				94EA3905233305B100528EA1 /* Debug */,
				94EA3906233305B100528EA1 /* Release */,
			);
			defaultConfigurationIsVisible = 0;
			defaultConfigurationName = Release;
		};
		94EA3907233305B100528EA1 /* Build configuration list for PBXNativeTarget "HipnoHoraUITests" */ = {
			isa = XCConfigurationList;
			buildConfigurations = (
				94EA3908233305B100528EA1 /* Debug */,
				94EA3909233305B100528EA1 /* Release */,
			);
			defaultConfigurationIsVisible = 0;
			defaultConfigurationName = Release;
		};
/* End XCConfigurationList section */
	};
	rootObject = 94EA38D1233305B100528EA1 /* Project object */;
}
