// !$*UTF8*$!
{
	archiveVersion = 1;
	classes = {
	};
	objectVersion = 50;
	objects = {

/* Begin PBXBuildFile section */
		94EA38A32332FE3700528EA1 /* AppDelegate.swift in Sources */ = {isa = PBXBuildFile; fileRef = 94EA38A22332FE3700528EA1 /* AppDelegate.swift */; };
		94EA38A52332FE3700528EA1 /* ViewController.swift in Sources */ = {isa = PBXBuildFile; fileRef = 94EA38A42332FE3700528EA1 /* ViewController.swift */; };
		94EA38A82332FE3700528EA1 /* Main.storyboard in Resources */ = {isa = PBXBuildFile; fileRef = 94EA38A62332FE3700528EA1 /* Main.storyboard */; };
		94EA38AA2332FE3700528EA1 /* Assets.xcassets in Resources */ = {isa = PBXBuildFile; fileRef = 94EA38A92332FE3700528EA1 /* Assets.xcassets */; };
		94EA38AD2332FE3700528EA1 /* LaunchScreen.storyboard in Resources */ = {isa = PBXBuildFile; fileRef = 94EA38AB2332FE3700528EA1 /* LaunchScreen.storyboard */; };
		94EA38B82332FE3800528EA1 /* DemoViewControllerTests.swift in Sources */ = {isa = PBXBuildFile; fileRef = 94EA38B72332FE3800528EA1 /* DemoViewControllerTests.swift */; };
		94EA38C32332FE3800528EA1 /* DemoViewControllerUITests.swift in Sources */ = {isa = PBXBuildFile; fileRef = 94EA38C22332FE3800528EA1 /* DemoViewControllerUITests.swift */; };
/* End PBXBuildFile section */

/* Begin PBXContainerItemProxy section */
		94EA38B42332FE3700528EA1 /* PBXContainerItemProxy */ = {
			isa = PBXContainerItemProxy;
			containerPortal = 94EA38972332FE3700528EA1 /* Project object */;
			proxyType = 1;
			remoteGlobalIDString = 94EA389E2332FE3700528EA1;
			remoteInfo = DemoViewController;
		};
		94EA38BF2332FE3800528EA1 /* PBXContainerItemProxy */ = {
			isa = PBXContainerItemProxy;
			containerPortal = 94EA38972332FE3700528EA1 /* Project object */;
			proxyType = 1;
			remoteGlobalIDString = 94EA389E2332FE3700528EA1;
			remoteInfo = DemoViewController;
		};
/* End PBXContainerItemProxy section */

/* Begin PBXFileReference section */
		94EA389F2332FE3700528EA1 /* DemoViewController.app */ = {isa = PBXFileReference; explicitFileType = wrapper.application; includeInIndex = 0; path = DemoViewController.app; sourceTree = BUILT_PRODUCTS_DIR; };
		94EA38A22332FE3700528EA1 /* AppDelegate.swift */ = {isa = PBXFileReference; lastKnownFileType = sourcecode.swift; path = AppDelegate.swift; sourceTree = "<group>"; };
		94EA38A42332FE3700528EA1 /* ViewController.swift */ = {isa = PBXFileReference; lastKnownFileType = sourcecode.swift; path = ViewController.swift; sourceTree = "<group>"; };
		94EA38A72332FE3700528EA1 /* Base */ = {isa = PBXFileReference; lastKnownFileType = file.storyboard; name = Base; path = Base.lproj/Main.storyboard; sourceTree = "<group>"; };
		94EA38A92332FE3700528EA1 /* Assets.xcassets */ = {isa = PBXFileReference; lastKnownFileType = folder.assetcatalog; path = Assets.xcassets; sourceTree = "<group>"; };
		94EA38AC2332FE3700528EA1 /* Base */ = {isa = PBXFileReference; lastKnownFileType = file.storyboard; name = Base; path = Base.lproj/LaunchScreen.storyboard; sourceTree = "<group>"; };
		94EA38AE2332FE3700528EA1 /* Info.plist */ = {isa = PBXFileReference; lastKnownFileType = text.plist.xml; path = Info.plist; sourceTree = "<group>"; };
		94EA38B32332FE3700528EA1 /* DemoViewControllerTests.xctest */ = {isa = PBXFileReference; explicitFileType = wrapper.cfbundle; includeInIndex = 0; path = DemoViewControllerTests.xctest; sourceTree = BUILT_PRODUCTS_DIR; };
		94EA38B72332FE3800528EA1 /* DemoViewControllerTests.swift */ = {isa = PBXFileReference; lastKnownFileType = sourcecode.swift; path = DemoViewControllerTests.swift; sourceTree = "<group>"; };
		94EA38B92332FE3800528EA1 /* Info.plist */ = {isa = PBXFileReference; lastKnownFileType = text.plist.xml; path = Info.plist; sourceTree = "<group>"; };
		94EA38BE2332FE3800528EA1 /* DemoViewControllerUITests.xctest */ = {isa = PBXFileReference; explicitFileType = wrapper.cfbundle; includeInIndex = 0; path = DemoViewControllerUITests.xctest; sourceTree = BUILT_PRODUCTS_DIR; };
		94EA38C22332FE3800528EA1 /* DemoViewControllerUITests.swift */ = {isa = PBXFileReference; lastKnownFileType = sourcecode.swift; path = DemoViewControllerUITests.swift; sourceTree = "<group>"; };
		94EA38C42332FE3800528EA1 /* Info.plist */ = {isa = PBXFileReference; lastKnownFileType = text.plist.xml; path = Info.plist; sourceTree = "<group>"; };
/* End PBXFileReference section */

/* Begin PBXFrameworksBuildPhase section */
		94EA389C2332FE3700528EA1 /* Frameworks */ = {
			isa = PBXFrameworksBuildPhase;
			buildActionMask = 2147483647;
			files = (
			);
			runOnlyForDeploymentPostprocessing = 0;
		};
		94EA38B02332FE3700528EA1 /* Frameworks */ = {
			isa = PBXFrameworksBuildPhase;
			buildActionMask = 2147483647;
			files = (
			);
			runOnlyForDeploymentPostprocessing = 0;
		};
		94EA38BB2332FE3800528EA1 /* Frameworks */ = {
			isa = PBXFrameworksBuildPhase;
			buildActionMask = 2147483647;
			files = (
			);
			runOnlyForDeploymentPostprocessing = 0;
		};
/* End PBXFrameworksBuildPhase section */

/* Begin PBXGroup section */
		94EA38962332FE3700528EA1 = {
			isa = PBXGroup;
			children = (
				94EA38A12332FE3700528EA1 /* DemoViewController */,
				94EA38B62332FE3700528EA1 /* DemoViewControllerTests */,
				94EA38C12332FE3800528EA1 /* DemoViewControllerUITests */,
				94EA38A02332FE3700528EA1 /* Products */,
			);
			sourceTree = "<group>";
		};
		94EA38A02332FE3700528EA1 /* Products */ = {
			isa = PBXGroup;
			children = (
				94EA389F2332FE3700528EA1 /* DemoViewController.app */,
				94EA38B32332FE3700528EA1 /* DemoViewControllerTests.xctest */,
				94EA38BE2332FE3800528EA1 /* DemoViewControllerUITests.xctest */,
			);
			name = Products;
			sourceTree = "<group>";
		};
		94EA38A12332FE3700528EA1 /* DemoViewController */ = {
			isa = PBXGroup;
			children = (
				94EA38A22332FE3700528EA1 /* AppDelegate.swift */,
				94EA38A42332FE3700528EA1 /* ViewController.swift */,
				94EA38A62332FE3700528EA1 /* Main.storyboard */,
				94EA38A92332FE3700528EA1 /* Assets.xcassets */,
				94EA38AB2332FE3700528EA1 /* LaunchScreen.storyboard */,
				94EA38AE2332FE3700528EA1 /* Info.plist */,
			);
			path = DemoViewController;
			sourceTree = "<group>";
		};
		94EA38B62332FE3700528EA1 /* DemoViewControllerTests */ = {
			isa = PBXGroup;
			children = (
				94EA38B72332FE3800528EA1 /* DemoViewControllerTests.swift */,
				94EA38B92332FE3800528EA1 /* Info.plist */,
			);
			path = DemoViewControllerTests;
			sourceTree = "<group>";
		};
		94EA38C12332FE3800528EA1 /* DemoViewControllerUITests */ = {
			isa = PBXGroup;
			children = (
				94EA38C22332FE3800528EA1 /* DemoViewControllerUITests.swift */,
				94EA38C42332FE3800528EA1 /* Info.plist */,
			);
			path = DemoViewControllerUITests;
			sourceTree = "<group>";
		};
/* End PBXGroup section */

/* Begin PBXNativeTarget section */
		94EA389E2332FE3700528EA1 /* DemoViewController */ = {
			isa = PBXNativeTarget;
			buildConfigurationList = 94EA38C72332FE3800528EA1 /* Build configuration list for PBXNativeTarget "DemoViewController" */;
			buildPhases = (
				94EA389B2332FE3700528EA1 /* Sources */,
				94EA389C2332FE3700528EA1 /* Frameworks */,
				94EA389D2332FE3700528EA1 /* Resources */,
			);
			buildRules = (
			);
			dependencies = (
			);
			name = DemoViewController;
			productName = DemoViewController;
			productReference = 94EA389F2332FE3700528EA1 /* DemoViewController.app */;
			productType = "com.apple.product-type.application";
		};
		94EA38B22332FE3700528EA1 /* DemoViewControllerTests */ = {
			isa = PBXNativeTarget;
			buildConfigurationList = 94EA38CA2332FE3800528EA1 /* Build configuration list for PBXNativeTarget "DemoViewControllerTests" */;
			buildPhases = (
				94EA38AF2332FE3700528EA1 /* Sources */,
				94EA38B02332FE3700528EA1 /* Frameworks */,
				94EA38B12332FE3700528EA1 /* Resources */,
			);
			buildRules = (
			);
			dependencies = (
				94EA38B52332FE3700528EA1 /* PBXTargetDependency */,
			);
			name = DemoViewControllerTests;
			productName = DemoViewControllerTests;
			productReference = 94EA38B32332FE3700528EA1 /* DemoViewControllerTests.xctest */;
			productType = "com.apple.product-type.bundle.unit-test";
		};
		94EA38BD2332FE3800528EA1 /* DemoViewControllerUITests */ = {
			isa = PBXNativeTarget;
			buildConfigurationList = 94EA38CD2332FE3800528EA1 /* Build configuration list for PBXNativeTarget "DemoViewControllerUITests" */;
			buildPhases = (
				94EA38BA2332FE3800528EA1 /* Sources */,
				94EA38BB2332FE3800528EA1 /* Frameworks */,
				94EA38BC2332FE3800528EA1 /* Resources */,
			);
			buildRules = (
			);
			dependencies = (
				94EA38C02332FE3800528EA1 /* PBXTargetDependency */,
			);
			name = DemoViewControllerUITests;
			productName = DemoViewControllerUITests;
			productReference = 94EA38BE2332FE3800528EA1 /* DemoViewControllerUITests.xctest */;
			productType = "com.apple.product-type.bundle.ui-testing";
		};
/* End PBXNativeTarget section */

/* Begin PBXProject section */
		94EA38972332FE3700528EA1 /* Project object */ = {
			isa = PBXProject;
			attributes = {
				LastSwiftUpdateCheck = 1030;
				LastUpgradeCheck = 1030;
				ORGANIZATIONNAME = "Arce Anguiano Rodrigo Roberto";
				TargetAttributes = {
					94EA389E2332FE3700528EA1 = {
						CreatedOnToolsVersion = 10.3;
					};
					94EA38B22332FE3700528EA1 = {
						CreatedOnToolsVersion = 10.3;
						TestTargetID = 94EA389E2332FE3700528EA1;
					};
					94EA38BD2332FE3800528EA1 = {
						CreatedOnToolsVersion = 10.3;
						TestTargetID = 94EA389E2332FE3700528EA1;
					};
				};
			};
			buildConfigurationList = 94EA389A2332FE3700528EA1 /* Build configuration list for PBXProject "DemoViewController" */;
			compatibilityVersion = "Xcode 9.3";
			developmentRegion = en;
			hasScannedForEncodings = 0;
			knownRegions = (
				en,
				Base,
			);
			mainGroup = 94EA38962332FE3700528EA1;
			productRefGroup = 94EA38A02332FE3700528EA1 /* Products */;
			projectDirPath = "";
			projectRoot = "";
			targets = (
				94EA389E2332FE3700528EA1 /* DemoViewController */,
				94EA38B22332FE3700528EA1 /* DemoViewControllerTests */,
				94EA38BD2332FE3800528EA1 /* DemoViewControllerUITests */,
			);
		};
/* End PBXProject section */

/* Begin PBXResourcesBuildPhase section */
		94EA389D2332FE3700528EA1 /* Resources */ = {
			isa = PBXResourcesBuildPhase;
			buildActionMask = 2147483647;
			files = (
				94EA38AD2332FE3700528EA1 /* LaunchScreen.storyboard in Resources */,
				94EA38AA2332FE3700528EA1 /* Assets.xcassets in Resources */,
				94EA38A82332FE3700528EA1 /* Main.storyboard in Resources */,
			);
			runOnlyForDeploymentPostprocessing = 0;
		};
		94EA38B12332FE3700528EA1 /* Resources */ = {
			isa = PBXResourcesBuildPhase;
			buildActionMask = 2147483647;
			files = (
			);
			runOnlyForDeploymentPostprocessing = 0;
		};
		94EA38BC2332FE3800528EA1 /* Resources */ = {
			isa = PBXResourcesBuildPhase;
			buildActionMask = 2147483647;
			files = (
			);
			runOnlyForDeploymentPostprocessing = 0;
		};
/* End PBXResourcesBuildPhase section */

/* Begin PBXSourcesBuildPhase section */
		94EA389B2332FE3700528EA1 /* Sources */ = {
			isa = PBXSourcesBuildPhase;
			buildActionMask = 2147483647;
			files = (
				94EA38A52332FE3700528EA1 /* ViewController.swift in Sources */,
				94EA38A32332FE3700528EA1 /* AppDelegate.swift in Sources */,
			);
			runOnlyForDeploymentPostprocessing = 0;
		};
		94EA38AF2332FE3700528EA1 /* Sources */ = {
			isa = PBXSourcesBuildPhase;
			buildActionMask = 2147483647;
			files = (
				94EA38B82332FE3800528EA1 /* DemoViewControllerTests.swift in Sources */,
			);
			runOnlyForDeploymentPostprocessing = 0;
		};
		94EA38BA2332FE3800528EA1 /* Sources */ = {
			isa = PBXSourcesBuildPhase;
			buildActionMask = 2147483647;
			files = (
				94EA38C32332FE3800528EA1 /* DemoViewControllerUITests.swift in Sources */,
			);
			runOnlyForDeploymentPostprocessing = 0;
		};
/* End PBXSourcesBuildPhase section */

/* Begin PBXTargetDependency section */
		94EA38B52332FE3700528EA1 /* PBXTargetDependency */ = {
			isa = PBXTargetDependency;
			target = 94EA389E2332FE3700528EA1 /* DemoViewController */;
			targetProxy = 94EA38B42332FE3700528EA1 /* PBXContainerItemProxy */;
		};
		94EA38C02332FE3800528EA1 /* PBXTargetDependency */ = {
			isa = PBXTargetDependency;
			target = 94EA389E2332FE3700528EA1 /* DemoViewController */;
			targetProxy = 94EA38BF2332FE3800528EA1 /* PBXContainerItemProxy */;
		};
/* End PBXTargetDependency section */

/* Begin PBXVariantGroup section */
		94EA38A62332FE3700528EA1 /* Main.storyboard */ = {
			isa = PBXVariantGroup;
			children = (
				94EA38A72332FE3700528EA1 /* Base */,
			);
			name = Main.storyboard;
			sourceTree = "<group>";
		};
		94EA38AB2332FE3700528EA1 /* LaunchScreen.storyboard */ = {
			isa = PBXVariantGroup;
			children = (
				94EA38AC2332FE3700528EA1 /* Base */,
			);
			name = LaunchScreen.storyboard;
			sourceTree = "<group>";
		};
/* End PBXVariantGroup section */

/* Begin XCBuildConfiguration section */
		94EA38C52332FE3800528EA1 /* Debug */ = {
			isa = XCBuildConfiguration;
			buildSettings = {
				ALWAYS_SEARCH_USER_PATHS = NO;
				CLANG_ANALYZER_NONNULL = YES;
				CLANG_ANALYZER_NUMBER_OBJECT_CONVERSION = YES_AGGRESSIVE;
				CLANG_CXX_LANGUAGE_STANDARD = "gnu++14";
				CLANG_CXX_LIBRARY = "libc++";
				CLANG_ENABLE_MODULES = YES;
				CLANG_ENABLE_OBJC_ARC = YES;
				CLANG_ENABLE_OBJC_WEAK = YES;
				CLANG_WARN_BLOCK_CAPTURE_AUTORELEASING = YES;
				CLANG_WARN_BOOL_CONVERSION = YES;
				CLANG_WARN_COMMA = YES;
				CLANG_WARN_CONSTANT_CONVERSION = YES;
				CLANG_WARN_DEPRECATED_OBJC_IMPLEMENTATIONS = YES;
				CLANG_WARN_DIRECT_OBJC_ISA_USAGE = YES_ERROR;
				CLANG_WARN_DOCUMENTATION_COMMENTS = YES;
				CLANG_WARN_EMPTY_BODY = YES;
				CLANG_WARN_ENUM_CONVERSION = YES;
				CLANG_WARN_INFINITE_RECURSION = YES;
				CLANG_WARN_INT_CONVERSION = YES;
				CLANG_WARN_NON_LITERAL_NULL_CONVERSION = YES;
				CLANG_WARN_OBJC_IMPLICIT_RETAIN_SELF = YES;
				CLANG_WARN_OBJC_LITERAL_CONVERSION = YES;
				CLANG_WARN_OBJC_ROOT_CLASS = YES_ERROR;
				CLANG_WARN_RANGE_LOOP_ANALYSIS = YES;
				CLANG_WARN_STRICT_PROTOTYPES = YES;
				CLANG_WARN_SUSPICIOUS_MOVE = YES;
				CLANG_WARN_UNGUARDED_AVAILABILITY = YES_AGGRESSIVE;
				CLANG_WARN_UNREACHABLE_CODE = YES;
				CLANG_WARN__DUPLICATE_METHOD_MATCH = YES;
				CODE_SIGN_IDENTITY = "iPhone Developer";
				COPY_PHASE_STRIP = NO;
				DEBUG_INFORMATION_FORMAT = dwarf;
				ENABLE_STRICT_OBJC_MSGSEND = YES;
				ENABLE_TESTABILITY = YES;
				GCC_C_LANGUAGE_STANDARD = gnu11;
				GCC_DYNAMIC_NO_PIC = NO;
				GCC_NO_COMMON_BLOCKS = YES;
				GCC_OPTIMIZATION_LEVEL = 0;
				GCC_PREPROCESSOR_DEFINITIONS = (
					"DEBUG=1",
					"$(inherited)",
				);
				GCC_WARN_64_TO_32_BIT_CONVERSION = YES;
				GCC_WARN_ABOUT_RETURN_TYPE = YES_ERROR;
				GCC_WARN_UNDECLARED_SELECTOR = YES;
				GCC_WARN_UNINITIALIZED_AUTOS = YES_AGGRESSIVE;
				GCC_WARN_UNUSED_FUNCTION = YES;
				GCC_WARN_UNUSED_VARIABLE = YES;
				IPHONEOS_DEPLOYMENT_TARGET = 12.4;
				MTL_ENABLE_DEBUG_INFO = INCLUDE_SOURCE;
				MTL_FAST_MATH = YES;
				ONLY_ACTIVE_ARCH = YES;
				SDKROOT = iphoneos;
				SWIFT_ACTIVE_COMPILATION_CONDITIONS = DEBUG;
				SWIFT_OPTIMIZATION_LEVEL = "-Onone";
			};
			name = Debug;
		};
		94EA38C62332FE3800528EA1 /* Release */ = {
			isa = XCBuildConfiguration;
			buildSettings = {
				ALWAYS_SEARCH_USER_PATHS = NO;
				CLANG_ANALYZER_NONNULL = YES;
				CLANG_ANALYZER_NUMBER_OBJECT_CONVERSION = YES_AGGRESSIVE;
				CLANG_CXX_LANGUAGE_STANDARD = "gnu++14";
				CLANG_CXX_LIBRARY = "libc++";
				CLANG_ENABLE_MODULES = YES;
				CLANG_ENABLE_OBJC_ARC = YES;
				CLANG_ENABLE_OBJC_WEAK = YES;
				CLANG_WARN_BLOCK_CAPTURE_AUTORELEASING = YES;
				CLANG_WARN_BOOL_CONVERSION = YES;
				CLANG_WARN_COMMA = YES;
				CLANG_WARN_CONSTANT_CONVERSION = YES;
				CLANG_WARN_DEPRECATED_OBJC_IMPLEMENTATIONS = YES;
				CLANG_WARN_DIRECT_OBJC_ISA_USAGE = YES_ERROR;
				CLANG_WARN_DOCUMENTATION_COMMENTS = YES;
				CLANG_WARN_EMPTY_BODY = YES;
				CLANG_WARN_ENUM_CONVERSION = YES;
				CLANG_WARN_INFINITE_RECURSION = YES;
				CLANG_WARN_INT_CONVERSION = YES;
				CLANG_WARN_NON_LITERAL_NULL_CONVERSION = YES;
				CLANG_WARN_OBJC_IMPLICIT_RETAIN_SELF = YES;
				CLANG_WARN_OBJC_LITERAL_CONVERSION = YES;
				CLANG_WARN_OBJC_ROOT_CLASS = YES_ERROR;
				CLANG_WARN_RANGE_LOOP_ANALYSIS = YES;
				CLANG_WARN_STRICT_PROTOTYPES = YES;
				CLANG_WARN_SUSPICIOUS_MOVE = YES;
				CLANG_WARN_UNGUARDED_AVAILABILITY = YES_AGGRESSIVE;
				CLANG_WARN_UNREACHABLE_CODE = YES;
				CLANG_WARN__DUPLICATE_METHOD_MATCH = YES;
				CODE_SIGN_IDENTITY = "iPhone Developer";
				COPY_PHASE_STRIP = NO;
				DEBUG_INFORMATION_FORMAT = "dwarf-with-dsym";
				ENABLE_NS_ASSERTIONS = NO;
				ENABLE_STRICT_OBJC_MSGSEND = YES;
				GCC_C_LANGUAGE_STANDARD = gnu11;
				GCC_NO_COMMON_BLOCKS = YES;
				GCC_WARN_64_TO_32_BIT_CONVERSION = YES;
				GCC_WARN_ABOUT_RETURN_TYPE = YES_ERROR;
				GCC_WARN_UNDECLARED_SELECTOR = YES;
				GCC_WARN_UNINITIALIZED_AUTOS = YES_AGGRESSIVE;
				GCC_WARN_UNUSED_FUNCTION = YES;
				GCC_WARN_UNUSED_VARIABLE = YES;
				IPHONEOS_DEPLOYMENT_TARGET = 12.4;
				MTL_ENABLE_DEBUG_INFO = NO;
				MTL_FAST_MATH = YES;
				SDKROOT = iphoneos;
				SWIFT_COMPILATION_MODE = wholemodule;
				SWIFT_OPTIMIZATION_LEVEL = "-O";
				VALIDATE_PRODUCT = YES;
			};
			name = Release;
		};
		94EA38C82332FE3800528EA1 /* Debug */ = {
			isa = XCBuildConfiguration;
			buildSettings = {
				ASSETCATALOG_COMPILER_APPICON_NAME = AppIcon;
				CODE_SIGN_STYLE = Automatic;
				DEVELOPMENT_TEAM = 86WYXJ3S6F;
				INFOPLIST_FILE = DemoViewController/Info.plist;
				LD_RUNPATH_SEARCH_PATHS = (
					"$(inherited)",
					"@executable_path/Frameworks",
				);
				PRODUCT_BUNDLE_IDENTIFIER = rodrigo.DemoViewController;
				PRODUCT_NAME = "$(TARGET_NAME)";
				SWIFT_VERSION = 5.0;
				TARGETED_DEVICE_FAMILY = "1,2";
			};
			name = Debug;
		};
		94EA38C92332FE3800528EA1 /* Release */ = {
			isa = XCBuildConfiguration;
			buildSettings = {
				ASSETCATALOG_COMPILER_APPICON_NAME = AppIcon;
				CODE_SIGN_STYLE = Automatic;
				DEVELOPMENT_TEAM = 86WYXJ3S6F;
				INFOPLIST_FILE = DemoViewController/Info.plist;
				LD_RUNPATH_SEARCH_PATHS = (
					"$(inherited)",
					"@executable_path/Frameworks",
				);
				PRODUCT_BUNDLE_IDENTIFIER = rodrigo.DemoViewController;
				PRODUCT_NAME = "$(TARGET_NAME)";
				SWIFT_VERSION = 5.0;
				TARGETED_DEVICE_FAMILY = "1,2";
			};
			name = Release;
		};
		94EA38CB2332FE3800528EA1 /* Debug */ = {
			isa = XCBuildConfiguration;
			buildSettings = {
				ALWAYS_EMBED_SWIFT_STANDARD_LIBRARIES = YES;
				BUNDLE_LOADER = "$(TEST_HOST)";
				CODE_SIGN_STYLE = Automatic;
				DEVELOPMENT_TEAM = 86WYXJ3S6F;
				INFOPLIST_FILE = DemoViewControllerTests/Info.plist;
				LD_RUNPATH_SEARCH_PATHS = (
					"$(inherited)",
					"@executable_path/Frameworks",
					"@loader_path/Frameworks",
				);
				PRODUCT_BUNDLE_IDENTIFIER = rodrigo.DemoViewControllerTests;
				PRODUCT_NAME = "$(TARGET_NAME)";
				SWIFT_VERSION = 5.0;
				TARGETED_DEVICE_FAMILY = "1,2";
				TEST_HOST = "$(BUILT_PRODUCTS_DIR)/DemoViewController.app/DemoViewController";
			};
			name = Debug;
		};
		94EA38CC2332FE3800528EA1 /* Release */ = {
			isa = XCBuildConfiguration;
			buildSettings = {
				ALWAYS_EMBED_SWIFT_STANDARD_LIBRARIES = YES;
				BUNDLE_LOADER = "$(TEST_HOST)";
				CODE_SIGN_STYLE = Automatic;
				DEVELOPMENT_TEAM = 86WYXJ3S6F;
				INFOPLIST_FILE = DemoViewControllerTests/Info.plist;
				LD_RUNPATH_SEARCH_PATHS = (
					"$(inherited)",
					"@executable_path/Frameworks",
					"@loader_path/Frameworks",
				);
				PRODUCT_BUNDLE_IDENTIFIER = rodrigo.DemoViewControllerTests;
				PRODUCT_NAME = "$(TARGET_NAME)";
				SWIFT_VERSION = 5.0;
				TARGETED_DEVICE_FAMILY = "1,2";
				TEST_HOST = "$(BUILT_PRODUCTS_DIR)/DemoViewController.app/DemoViewController";
			};
			name = Release;
		};
		94EA38CE2332FE3800528EA1 /* Debug */ = {
			isa = XCBuildConfiguration;
			buildSettings = {
				ALWAYS_EMBED_SWIFT_STANDARD_LIBRARIES = YES;
				CODE_SIGN_STYLE = Automatic;
				DEVELOPMENT_TEAM = 86WYXJ3S6F;
				INFOPLIST_FILE = DemoViewControllerUITests/Info.plist;
				LD_RUNPATH_SEARCH_PATHS = (
					"$(inherited)",
					"@executable_path/Frameworks",
					"@loader_path/Frameworks",
				);
				PRODUCT_BUNDLE_IDENTIFIER = rodrigo.DemoViewControllerUITests;
				PRODUCT_NAME = "$(TARGET_NAME)";
				SWIFT_VERSION = 5.0;
				TARGETED_DEVICE_FAMILY = "1,2";
				TEST_TARGET_NAME = DemoViewController;
			};
			name = Debug;
		};
		94EA38CF2332FE3800528EA1 /* Release */ = {
			isa = XCBuildConfiguration;
			buildSettings = {
				ALWAYS_EMBED_SWIFT_STANDARD_LIBRARIES = YES;
				CODE_SIGN_STYLE = Automatic;
				DEVELOPMENT_TEAM = 86WYXJ3S6F;
				INFOPLIST_FILE = DemoViewControllerUITests/Info.plist;
				LD_RUNPATH_SEARCH_PATHS = (
					"$(inherited)",
					"@executable_path/Frameworks",
					"@loader_path/Frameworks",
				);
				PRODUCT_BUNDLE_IDENTIFIER = rodrigo.DemoViewControllerUITests;
				PRODUCT_NAME = "$(TARGET_NAME)";
				SWIFT_VERSION = 5.0;
				TARGETED_DEVICE_FAMILY = "1,2";
				TEST_TARGET_NAME = DemoViewController;
			};
			name = Release;
		};
/* End XCBuildConfiguration section */

/* Begin XCConfigurationList section */
		94EA389A2332FE3700528EA1 /* Build configuration list for PBXProject "DemoViewController" */ = {
			isa = XCConfigurationList;
			buildConfigurations = (
				94EA38C52332FE3800528EA1 /* Debug */,
				94EA38C62332FE3800528EA1 /* Release */,
			);
			defaultConfigurationIsVisible = 0;
			defaultConfigurationName = Release;
		};
		94EA38C72332FE3800528EA1 /* Build configuration list for PBXNativeTarget "DemoViewController" */ = {
			isa = XCConfigurationList;
			buildConfigurations = (
				94EA38C82332FE3800528EA1 /* Debug */,
				94EA38C92332FE3800528EA1 /* Release */,
			);
			defaultConfigurationIsVisible = 0;
			defaultConfigurationName = Release;
		};
		94EA38CA2332FE3800528EA1 /* Build configuration list for PBXNativeTarget "DemoViewControllerTests" */ = {
			isa = XCConfigurationList;
			buildConfigurations = (
				94EA38CB2332FE3800528EA1 /* Debug */,
				94EA38CC2332FE3800528EA1 /* Release */,
			);
			defaultConfigurationIsVisible = 0;
			defaultConfigurationName = Release;
		};
		94EA38CD2332FE3800528EA1 /* Build configuration list for PBXNativeTarget "DemoViewControllerUITests" */ = {
			isa = XCConfigurationList;
			buildConfigurations = (
				94EA38CE2332FE3800528EA1 /* Debug */,
				94EA38CF2332FE3800528EA1 /* Release */,
			);
			defaultConfigurationIsVisible = 0;
			defaultConfigurationName = Release;
		};
/* End XCConfigurationList section */
	};
	rootObject = 94EA38972332FE3700528EA1 /* Project object */;
}
