// !$*UTF8*$!
{
	archiveVersion = 1;
	classes = {
	};
	objectVersion = 50;
	objects = {

/* Begin PBXBuildFile section */
		941E4AB8230B6921009BB07D /* ModeloDelQuiz.swift in Sources */ = {isa = PBXBuildFile; fileRef = 941E4AB7230B6921009BB07D /* ModeloDelQuiz.swift */; };
		94792A082306295500F99B7A /* AppDelegate.swift in Sources */ = {isa = PBXBuildFile; fileRef = 94792A072306295500F99B7A /* AppDelegate.swift */; };
		94792A0A2306295500F99B7A /* QuizViewController.swift in Sources */ = {isa = PBXBuildFile; fileRef = 94792A092306295500F99B7A /* QuizViewController.swift */; };
		94792A0D2306295500F99B7A /* Main.storyboard in Resources */ = {isa = PBXBuildFile; fileRef = 94792A0B2306295500F99B7A /* Main.storyboard */; };
		94792A0F2306295500F99B7A /* Assets.xcassets in Resources */ = {isa = PBXBuildFile; fileRef = 94792A0E2306295500F99B7A /* Assets.xcassets */; };
		94792A122306295500F99B7A /* LaunchScreen.storyboard in Resources */ = {isa = PBXBuildFile; fileRef = 94792A102306295500F99B7A /* LaunchScreen.storyboard */; };
		94792A1D2306295500F99B7A /* Clase2_QuizTests.swift in Sources */ = {isa = PBXBuildFile; fileRef = 94792A1C2306295500F99B7A /* Clase2_QuizTests.swift */; };
		94792A282306295600F99B7A /* Clase2_QuizUITests.swift in Sources */ = {isa = PBXBuildFile; fileRef = 94792A272306295600F99B7A /* Clase2_QuizUITests.swift */; };
/* End PBXBuildFile section */

/* Begin PBXContainerItemProxy section */
		94792A192306295500F99B7A /* PBXContainerItemProxy */ = {
			isa = PBXContainerItemProxy;
			containerPortal = 947929FC2306295500F99B7A /* Project object */;
			proxyType = 1;
			remoteGlobalIDString = 94792A032306295500F99B7A;
			remoteInfo = "Clase2-Quiz";
		};
		94792A242306295500F99B7A /* PBXContainerItemProxy */ = {
			isa = PBXContainerItemProxy;
			containerPortal = 947929FC2306295500F99B7A /* Project object */;
			proxyType = 1;
			remoteGlobalIDString = 94792A032306295500F99B7A;
			remoteInfo = "Clase2-Quiz";
		};
/* End PBXContainerItemProxy section */

/* Begin PBXFileReference section */
		941E4AB7230B6921009BB07D /* ModeloDelQuiz.swift */ = {isa = PBXFileReference; lastKnownFileType = sourcecode.swift; path = ModeloDelQuiz.swift; sourceTree = "<group>"; };
		94792A042306295500F99B7A /* Clase2-Quiz.app */ = {isa = PBXFileReference; explicitFileType = wrapper.application; includeInIndex = 0; path = "Clase2-Quiz.app"; sourceTree = BUILT_PRODUCTS_DIR; };
		94792A072306295500F99B7A /* AppDelegate.swift */ = {isa = PBXFileReference; lastKnownFileType = sourcecode.swift; path = AppDelegate.swift; sourceTree = "<group>"; };
		94792A092306295500F99B7A /* QuizViewController.swift */ = {isa = PBXFileReference; lastKnownFileType = sourcecode.swift; path = QuizViewController.swift; sourceTree = "<group>"; };
		94792A0C2306295500F99B7A /* Base */ = {isa = PBXFileReference; lastKnownFileType = file.storyboard; name = Base; path = Base.lproj/Main.storyboard; sourceTree = "<group>"; };
		94792A0E2306295500F99B7A /* Assets.xcassets */ = {isa = PBXFileReference; lastKnownFileType = folder.assetcatalog; path = Assets.xcassets; sourceTree = "<group>"; };
		94792A112306295500F99B7A /* Base */ = {isa = PBXFileReference; lastKnownFileType = file.storyboard; name = Base; path = Base.lproj/LaunchScreen.storyboard; sourceTree = "<group>"; };
		94792A132306295500F99B7A /* Info.plist */ = {isa = PBXFileReference; lastKnownFileType = text.plist.xml; path = Info.plist; sourceTree = "<group>"; };
		94792A182306295500F99B7A /* Clase2-QuizTests.xctest */ = {isa = PBXFileReference; explicitFileType = wrapper.cfbundle; includeInIndex = 0; path = "Clase2-QuizTests.xctest"; sourceTree = BUILT_PRODUCTS_DIR; };
		94792A1C2306295500F99B7A /* Clase2_QuizTests.swift */ = {isa = PBXFileReference; lastKnownFileType = sourcecode.swift; path = Clase2_QuizTests.swift; sourceTree = "<group>"; };
		94792A1E2306295500F99B7A /* Info.plist */ = {isa = PBXFileReference; lastKnownFileType = text.plist.xml; path = Info.plist; sourceTree = "<group>"; };
		94792A232306295500F99B7A /* Clase2-QuizUITests.xctest */ = {isa = PBXFileReference; explicitFileType = wrapper.cfbundle; includeInIndex = 0; path = "Clase2-QuizUITests.xctest"; sourceTree = BUILT_PRODUCTS_DIR; };
		94792A272306295600F99B7A /* Clase2_QuizUITests.swift */ = {isa = PBXFileReference; lastKnownFileType = sourcecode.swift; path = Clase2_QuizUITests.swift; sourceTree = "<group>"; };
		94792A292306295600F99B7A /* Info.plist */ = {isa = PBXFileReference; lastKnownFileType = text.plist.xml; path = Info.plist; sourceTree = "<group>"; };
/* End PBXFileReference section */

/* Begin PBXFrameworksBuildPhase section */
		94792A012306295500F99B7A /* Frameworks */ = {
			isa = PBXFrameworksBuildPhase;
			buildActionMask = 2147483647;
			files = (
			);
			runOnlyForDeploymentPostprocessing = 0;
		};
		94792A152306295500F99B7A /* Frameworks */ = {
			isa = PBXFrameworksBuildPhase;
			buildActionMask = 2147483647;
			files = (
			);
			runOnlyForDeploymentPostprocessing = 0;
		};
		94792A202306295500F99B7A /* Frameworks */ = {
			isa = PBXFrameworksBuildPhase;
			buildActionMask = 2147483647;
			files = (
			);
			runOnlyForDeploymentPostprocessing = 0;
		};
/* End PBXFrameworksBuildPhase section */

/* Begin PBXGroup section */
		947929FB2306295400F99B7A = {
			isa = PBXGroup;
			children = (
				94792A062306295500F99B7A /* Clase2-Quiz */,
				94792A1B2306295500F99B7A /* Clase2-QuizTests */,
				94792A262306295500F99B7A /* Clase2-QuizUITests */,
				94792A052306295500F99B7A /* Products */,
			);
			sourceTree = "<group>";
		};
		94792A052306295500F99B7A /* Products */ = {
			isa = PBXGroup;
			children = (
				94792A042306295500F99B7A /* Clase2-Quiz.app */,
				94792A182306295500F99B7A /* Clase2-QuizTests.xctest */,
				94792A232306295500F99B7A /* Clase2-QuizUITests.xctest */,
			);
			name = Products;
			sourceTree = "<group>";
		};
		94792A062306295500F99B7A /* Clase2-Quiz */ = {
			isa = PBXGroup;
			children = (
				94792A072306295500F99B7A /* AppDelegate.swift */,
				94792A092306295500F99B7A /* QuizViewController.swift */,
				94792A0B2306295500F99B7A /* Main.storyboard */,
				94792A0E2306295500F99B7A /* Assets.xcassets */,
				94792A102306295500F99B7A /* LaunchScreen.storyboard */,
				94792A132306295500F99B7A /* Info.plist */,
				941E4AB7230B6921009BB07D /* ModeloDelQuiz.swift */,
			);
			path = "Clase2-Quiz";
			sourceTree = "<group>";
		};
		94792A1B2306295500F99B7A /* Clase2-QuizTests */ = {
			isa = PBXGroup;
			children = (
				94792A1C2306295500F99B7A /* Clase2_QuizTests.swift */,
				94792A1E2306295500F99B7A /* Info.plist */,
			);
			path = "Clase2-QuizTests";
			sourceTree = "<group>";
		};
		94792A262306295500F99B7A /* Clase2-QuizUITests */ = {
			isa = PBXGroup;
			children = (
				94792A272306295600F99B7A /* Clase2_QuizUITests.swift */,
				94792A292306295600F99B7A /* Info.plist */,
			);
			path = "Clase2-QuizUITests";
			sourceTree = "<group>";
		};
/* End PBXGroup section */

/* Begin PBXNativeTarget section */
		94792A032306295500F99B7A /* Clase2-Quiz */ = {
			isa = PBXNativeTarget;
			buildConfigurationList = 94792A2C2306295600F99B7A /* Build configuration list for PBXNativeTarget "Clase2-Quiz" */;
			buildPhases = (
				94792A002306295500F99B7A /* Sources */,
				94792A012306295500F99B7A /* Frameworks */,
				94792A022306295500F99B7A /* Resources */,
			);
			buildRules = (
			);
			dependencies = (
			);
			name = "Clase2-Quiz";
			productName = "Clase2-Quiz";
			productReference = 94792A042306295500F99B7A /* Clase2-Quiz.app */;
			productType = "com.apple.product-type.application";
		};
		94792A172306295500F99B7A /* Clase2-QuizTests */ = {
			isa = PBXNativeTarget;
			buildConfigurationList = 94792A2F2306295600F99B7A /* Build configuration list for PBXNativeTarget "Clase2-QuizTests" */;
			buildPhases = (
				94792A142306295500F99B7A /* Sources */,
				94792A152306295500F99B7A /* Frameworks */,
				94792A162306295500F99B7A /* Resources */,
			);
			buildRules = (
			);
			dependencies = (
				94792A1A2306295500F99B7A /* PBXTargetDependency */,
			);
			name = "Clase2-QuizTests";
			productName = "Clase2-QuizTests";
			productReference = 94792A182306295500F99B7A /* Clase2-QuizTests.xctest */;
			productType = "com.apple.product-type.bundle.unit-test";
		};
		94792A222306295500F99B7A /* Clase2-QuizUITests */ = {
			isa = PBXNativeTarget;
			buildConfigurationList = 94792A322306295600F99B7A /* Build configuration list for PBXNativeTarget "Clase2-QuizUITests" */;
			buildPhases = (
				94792A1F2306295500F99B7A /* Sources */,
				94792A202306295500F99B7A /* Frameworks */,
				94792A212306295500F99B7A /* Resources */,
			);
			buildRules = (
			);
			dependencies = (
				94792A252306295500F99B7A /* PBXTargetDependency */,
			);
			name = "Clase2-QuizUITests";
			productName = "Clase2-QuizUITests";
			productReference = 94792A232306295500F99B7A /* Clase2-QuizUITests.xctest */;
			productType = "com.apple.product-type.bundle.ui-testing";
		};
/* End PBXNativeTarget section */

/* Begin PBXProject section */
		947929FC2306295500F99B7A /* Project object */ = {
			isa = PBXProject;
			attributes = {
				LastSwiftUpdateCheck = 1020;
				LastUpgradeCheck = 1020;
				ORGANIZATIONNAME = "Arce Anguiano Rodrigo Roberto";
				TargetAttributes = {
					94792A032306295500F99B7A = {
						CreatedOnToolsVersion = 10.2.1;
					};
					94792A172306295500F99B7A = {
						CreatedOnToolsVersion = 10.2.1;
						TestTargetID = 94792A032306295500F99B7A;
					};
					94792A222306295500F99B7A = {
						CreatedOnToolsVersion = 10.2.1;
						TestTargetID = 94792A032306295500F99B7A;
					};
				};
			};
			buildConfigurationList = 947929FF2306295500F99B7A /* Build configuration list for PBXProject "Clase2-Quiz" */;
			compatibilityVersion = "Xcode 9.3";
			developmentRegion = en;
			hasScannedForEncodings = 0;
			knownRegions = (
				en,
				Base,
			);
			mainGroup = 947929FB2306295400F99B7A;
			productRefGroup = 94792A052306295500F99B7A /* Products */;
			projectDirPath = "";
			projectRoot = "";
			targets = (
				94792A032306295500F99B7A /* Clase2-Quiz */,
				94792A172306295500F99B7A /* Clase2-QuizTests */,
				94792A222306295500F99B7A /* Clase2-QuizUITests */,
			);
		};
/* End PBXProject section */

/* Begin PBXResourcesBuildPhase section */
		94792A022306295500F99B7A /* Resources */ = {
			isa = PBXResourcesBuildPhase;
			buildActionMask = 2147483647;
			files = (
				94792A122306295500F99B7A /* LaunchScreen.storyboard in Resources */,
				94792A0F2306295500F99B7A /* Assets.xcassets in Resources */,
				94792A0D2306295500F99B7A /* Main.storyboard in Resources */,
			);
			runOnlyForDeploymentPostprocessing = 0;
		};
		94792A162306295500F99B7A /* Resources */ = {
			isa = PBXResourcesBuildPhase;
			buildActionMask = 2147483647;
			files = (
			);
			runOnlyForDeploymentPostprocessing = 0;
		};
		94792A212306295500F99B7A /* Resources */ = {
			isa = PBXResourcesBuildPhase;
			buildActionMask = 2147483647;
			files = (
			);
			runOnlyForDeploymentPostprocessing = 0;
		};
/* End PBXResourcesBuildPhase section */

/* Begin PBXSourcesBuildPhase section */
		94792A002306295500F99B7A /* Sources */ = {
			isa = PBXSourcesBuildPhase;
			buildActionMask = 2147483647;
			files = (
				941E4AB8230B6921009BB07D /* ModeloDelQuiz.swift in Sources */,
				94792A0A2306295500F99B7A /* QuizViewController.swift in Sources */,
				94792A082306295500F99B7A /* AppDelegate.swift in Sources */,
			);
			runOnlyForDeploymentPostprocessing = 0;
		};
		94792A142306295500F99B7A /* Sources */ = {
			isa = PBXSourcesBuildPhase;
			buildActionMask = 2147483647;
			files = (
				94792A1D2306295500F99B7A /* Clase2_QuizTests.swift in Sources */,
			);
			runOnlyForDeploymentPostprocessing = 0;
		};
		94792A1F2306295500F99B7A /* Sources */ = {
			isa = PBXSourcesBuildPhase;
			buildActionMask = 2147483647;
			files = (
				94792A282306295600F99B7A /* Clase2_QuizUITests.swift in Sources */,
			);
			runOnlyForDeploymentPostprocessing = 0;
		};
/* End PBXSourcesBuildPhase section */

/* Begin PBXTargetDependency section */
		94792A1A2306295500F99B7A /* PBXTargetDependency */ = {
			isa = PBXTargetDependency;
			target = 94792A032306295500F99B7A /* Clase2-Quiz */;
			targetProxy = 94792A192306295500F99B7A /* PBXContainerItemProxy */;
		};
		94792A252306295500F99B7A /* PBXTargetDependency */ = {
			isa = PBXTargetDependency;
			target = 94792A032306295500F99B7A /* Clase2-Quiz */;
			targetProxy = 94792A242306295500F99B7A /* PBXContainerItemProxy */;
		};
/* End PBXTargetDependency section */

/* Begin PBXVariantGroup section */
		94792A0B2306295500F99B7A /* Main.storyboard */ = {
			isa = PBXVariantGroup;
			children = (
				94792A0C2306295500F99B7A /* Base */,
			);
			name = Main.storyboard;
			sourceTree = "<group>";
		};
		94792A102306295500F99B7A /* LaunchScreen.storyboard */ = {
			isa = PBXVariantGroup;
			children = (
				94792A112306295500F99B7A /* Base */,
			);
			name = LaunchScreen.storyboard;
			sourceTree = "<group>";
		};
/* End PBXVariantGroup section */

/* Begin XCBuildConfiguration section */
		94792A2A2306295600F99B7A /* Debug */ = {
			isa = XCBuildConfiguration;
			buildSettings = {
				ALWAYS_SEARCH_USER_PATHS = NO;
				CLANG_ANALYZER_NONNULL = YES;
				CLANG_ANALYZER_NUMBER_OBJECT_CONVERSION = YES_AGGRESSIVE;
				CLANG_CXX_LANGUAGE_STANDARD = "gnu++14";
				CLANG_CXX_LIBRARY = "libc++";
				CLANG_ENABLE_MODULES = YES;
				CLANG_ENABLE_OBJC_ARC = YES;
				CLANG_ENABLE_OBJC_WEAK = YES;
				CLANG_WARN_BLOCK_CAPTURE_AUTORELEASING = YES;
				CLANG_WARN_BOOL_CONVERSION = YES;
				CLANG_WARN_COMMA = YES;
				CLANG_WARN_CONSTANT_CONVERSION = YES;
				CLANG_WARN_DEPRECATED_OBJC_IMPLEMENTATIONS = YES;
				CLANG_WARN_DIRECT_OBJC_ISA_USAGE = YES_ERROR;
				CLANG_WARN_DOCUMENTATION_COMMENTS = YES;
				CLANG_WARN_EMPTY_BODY = YES;
				CLANG_WARN_ENUM_CONVERSION = YES;
				CLANG_WARN_INFINITE_RECURSION = YES;
				CLANG_WARN_INT_CONVERSION = YES;
				CLANG_WARN_NON_LITERAL_NULL_CONVERSION = YES;
				CLANG_WARN_OBJC_IMPLICIT_RETAIN_SELF = YES;
				CLANG_WARN_OBJC_LITERAL_CONVERSION = YES;
				CLANG_WARN_OBJC_ROOT_CLASS = YES_ERROR;
				CLANG_WARN_RANGE_LOOP_ANALYSIS = YES;
				CLANG_WARN_STRICT_PROTOTYPES = YES;
				CLANG_WARN_SUSPICIOUS_MOVE = YES;
				CLANG_WARN_UNGUARDED_AVAILABILITY = YES_AGGRESSIVE;
				CLANG_WARN_UNREACHABLE_CODE = YES;
				CLANG_WARN__DUPLICATE_METHOD_MATCH = YES;
				CODE_SIGN_IDENTITY = "iPhone Developer";
				COPY_PHASE_STRIP = NO;
				DEBUG_INFORMATION_FORMAT = dwarf;
				ENABLE_STRICT_OBJC_MSGSEND = YES;
				ENABLE_TESTABILITY = YES;
				GCC_C_LANGUAGE_STANDARD = gnu11;
				GCC_DYNAMIC_NO_PIC = NO;
				GCC_NO_COMMON_BLOCKS = YES;
				GCC_OPTIMIZATION_LEVEL = 0;
				GCC_PREPROCESSOR_DEFINITIONS = (
					"DEBUG=1",
					"$(inherited)",
				);
				GCC_WARN_64_TO_32_BIT_CONVERSION = YES;
				GCC_WARN_ABOUT_RETURN_TYPE = YES_ERROR;
				GCC_WARN_UNDECLARED_SELECTOR = YES;
				GCC_WARN_UNINITIALIZED_AUTOS = YES_AGGRESSIVE;
				GCC_WARN_UNUSED_FUNCTION = YES;
				GCC_WARN_UNUSED_VARIABLE = YES;
				IPHONEOS_DEPLOYMENT_TARGET = 12.2;
				MTL_ENABLE_DEBUG_INFO = INCLUDE_SOURCE;
				MTL_FAST_MATH = YES;
				ONLY_ACTIVE_ARCH = YES;
				SDKROOT = iphoneos;
				SWIFT_ACTIVE_COMPILATION_CONDITIONS = DEBUG;
				SWIFT_OPTIMIZATION_LEVEL = "-Onone";
			};
			name = Debug;
		};
		94792A2B2306295600F99B7A /* Release */ = {
			isa = XCBuildConfiguration;
			buildSettings = {
				ALWAYS_SEARCH_USER_PATHS = NO;
				CLANG_ANALYZER_NONNULL = YES;
				CLANG_ANALYZER_NUMBER_OBJECT_CONVERSION = YES_AGGRESSIVE;
				CLANG_CXX_LANGUAGE_STANDARD = "gnu++14";
				CLANG_CXX_LIBRARY = "libc++";
				CLANG_ENABLE_MODULES = YES;
				CLANG_ENABLE_OBJC_ARC = YES;
				CLANG_ENABLE_OBJC_WEAK = YES;
				CLANG_WARN_BLOCK_CAPTURE_AUTORELEASING = YES;
				CLANG_WARN_BOOL_CONVERSION = YES;
				CLANG_WARN_COMMA = YES;
				CLANG_WARN_CONSTANT_CONVERSION = YES;
				CLANG_WARN_DEPRECATED_OBJC_IMPLEMENTATIONS = YES;
				CLANG_WARN_DIRECT_OBJC_ISA_USAGE = YES_ERROR;
				CLANG_WARN_DOCUMENTATION_COMMENTS = YES;
				CLANG_WARN_EMPTY_BODY = YES;
				CLANG_WARN_ENUM_CONVERSION = YES;
				CLANG_WARN_INFINITE_RECURSION = YES;
				CLANG_WARN_INT_CONVERSION = YES;
				CLANG_WARN_NON_LITERAL_NULL_CONVERSION = YES;
				CLANG_WARN_OBJC_IMPLICIT_RETAIN_SELF = YES;
				CLANG_WARN_OBJC_LITERAL_CONVERSION = YES;
				CLANG_WARN_OBJC_ROOT_CLASS = YES_ERROR;
				CLANG_WARN_RANGE_LOOP_ANALYSIS = YES;
				CLANG_WARN_STRICT_PROTOTYPES = YES;
				CLANG_WARN_SUSPICIOUS_MOVE = YES;
				CLANG_WARN_UNGUARDED_AVAILABILITY = YES_AGGRESSIVE;
				CLANG_WARN_UNREACHABLE_CODE = YES;
				CLANG_WARN__DUPLICATE_METHOD_MATCH = YES;
				CODE_SIGN_IDENTITY = "iPhone Developer";
				COPY_PHASE_STRIP = NO;
				DEBUG_INFORMATION_FORMAT = "dwarf-with-dsym";
				ENABLE_NS_ASSERTIONS = NO;
				ENABLE_STRICT_OBJC_MSGSEND = YES;
				GCC_C_LANGUAGE_STANDARD = gnu11;
				GCC_NO_COMMON_BLOCKS = YES;
				GCC_WARN_64_TO_32_BIT_CONVERSION = YES;
				GCC_WARN_ABOUT_RETURN_TYPE = YES_ERROR;
				GCC_WARN_UNDECLARED_SELECTOR = YES;
				GCC_WARN_UNINITIALIZED_AUTOS = YES_AGGRESSIVE;
				GCC_WARN_UNUSED_FUNCTION = YES;
				GCC_WARN_UNUSED_VARIABLE = YES;
				IPHONEOS_DEPLOYMENT_TARGET = 12.2;
				MTL_ENABLE_DEBUG_INFO = NO;
				MTL_FAST_MATH = YES;
				SDKROOT = iphoneos;
				SWIFT_COMPILATION_MODE = wholemodule;
				SWIFT_OPTIMIZATION_LEVEL = "-O";
				VALIDATE_PRODUCT = YES;
			};
			name = Release;
		};
		94792A2D2306295600F99B7A /* Debug */ = {
			isa = XCBuildConfiguration;
			buildSettings = {
				ASSETCATALOG_COMPILER_APPICON_NAME = AppIcon;
				CODE_SIGN_STYLE = Automatic;
				DEVELOPMENT_TEAM = 86WYXJ3S6F;
				INFOPLIST_FILE = "Clase2-Quiz/Info.plist";
				LD_RUNPATH_SEARCH_PATHS = (
					"$(inherited)",
					"@executable_path/Frameworks",
				);
				PRODUCT_BUNDLE_IDENTIFIER = "rodrigo.Clase2-Quiz";
				PRODUCT_NAME = "$(TARGET_NAME)";
				SWIFT_VERSION = 5.0;
				TARGETED_DEVICE_FAMILY = 1;
			};
			name = Debug;
		};
		94792A2E2306295600F99B7A /* Release */ = {
			isa = XCBuildConfiguration;
			buildSettings = {
				ASSETCATALOG_COMPILER_APPICON_NAME = AppIcon;
				CODE_SIGN_STYLE = Automatic;
				DEVELOPMENT_TEAM = 86WYXJ3S6F;
				INFOPLIST_FILE = "Clase2-Quiz/Info.plist";
				LD_RUNPATH_SEARCH_PATHS = (
					"$(inherited)",
					"@executable_path/Frameworks",
				);
				PRODUCT_BUNDLE_IDENTIFIER = "rodrigo.Clase2-Quiz";
				PRODUCT_NAME = "$(TARGET_NAME)";
				SWIFT_VERSION = 5.0;
				TARGETED_DEVICE_FAMILY = 1;
			};
			name = Release;
		};
		94792A302306295600F99B7A /* Debug */ = {
			isa = XCBuildConfiguration;
			buildSettings = {
				ALWAYS_EMBED_SWIFT_STANDARD_LIBRARIES = YES;
				BUNDLE_LOADER = "$(TEST_HOST)";
				CODE_SIGN_STYLE = Automatic;
				DEVELOPMENT_TEAM = 86WYXJ3S6F;
				INFOPLIST_FILE = "Clase2-QuizTests/Info.plist";
				LD_RUNPATH_SEARCH_PATHS = (
					"$(inherited)",
					"@executable_path/Frameworks",
					"@loader_path/Frameworks",
				);
				PRODUCT_BUNDLE_IDENTIFIER = "rodrigo.Clase2-QuizTests";
				PRODUCT_NAME = "$(TARGET_NAME)";
				SWIFT_VERSION = 5.0;
				TARGETED_DEVICE_FAMILY = "1,2";
				TEST_HOST = "$(BUILT_PRODUCTS_DIR)/Clase2-Quiz.app/Clase2-Quiz";
			};
			name = Debug;
		};
		94792A312306295600F99B7A /* Release */ = {
			isa = XCBuildConfiguration;
			buildSettings = {
				ALWAYS_EMBED_SWIFT_STANDARD_LIBRARIES = YES;
				BUNDLE_LOADER = "$(TEST_HOST)";
				CODE_SIGN_STYLE = Automatic;
				DEVELOPMENT_TEAM = 86WYXJ3S6F;
				INFOPLIST_FILE = "Clase2-QuizTests/Info.plist";
				LD_RUNPATH_SEARCH_PATHS = (
					"$(inherited)",
					"@executable_path/Frameworks",
					"@loader_path/Frameworks",
				);
				PRODUCT_BUNDLE_IDENTIFIER = "rodrigo.Clase2-QuizTests";
				PRODUCT_NAME = "$(TARGET_NAME)";
				SWIFT_VERSION = 5.0;
				TARGETED_DEVICE_FAMILY = "1,2";
				TEST_HOST = "$(BUILT_PRODUCTS_DIR)/Clase2-Quiz.app/Clase2-Quiz";
			};
			name = Release;
		};
		94792A332306295600F99B7A /* Debug */ = {
			isa = XCBuildConfiguration;
			buildSettings = {
				ALWAYS_EMBED_SWIFT_STANDARD_LIBRARIES = YES;
				CODE_SIGN_STYLE = Automatic;
				DEVELOPMENT_TEAM = 86WYXJ3S6F;
				INFOPLIST_FILE = "Clase2-QuizUITests/Info.plist";
				LD_RUNPATH_SEARCH_PATHS = (
					"$(inherited)",
					"@executable_path/Frameworks",
					"@loader_path/Frameworks",
				);
				PRODUCT_BUNDLE_IDENTIFIER = "rodrigo.Clase2-QuizUITests";
				PRODUCT_NAME = "$(TARGET_NAME)";
				SWIFT_VERSION = 5.0;
				TARGETED_DEVICE_FAMILY = "1,2";
				TEST_TARGET_NAME = "Clase2-Quiz";
			};
			name = Debug;
		};
		94792A342306295600F99B7A /* Release */ = {
			isa = XCBuildConfiguration;
			buildSettings = {
				ALWAYS_EMBED_SWIFT_STANDARD_LIBRARIES = YES;
				CODE_SIGN_STYLE = Automatic;
				DEVELOPMENT_TEAM = 86WYXJ3S6F;
				INFOPLIST_FILE = "Clase2-QuizUITests/Info.plist";
				LD_RUNPATH_SEARCH_PATHS = (
					"$(inherited)",
					"@executable_path/Frameworks",
					"@loader_path/Frameworks",
				);
				PRODUCT_BUNDLE_IDENTIFIER = "rodrigo.Clase2-QuizUITests";
				PRODUCT_NAME = "$(TARGET_NAME)";
				SWIFT_VERSION = 5.0;
				TARGETED_DEVICE_FAMILY = "1,2";
				TEST_TARGET_NAME = "Clase2-Quiz";
			};
			name = Release;
		};
/* End XCBuildConfiguration section */

/* Begin XCConfigurationList section */
		947929FF2306295500F99B7A /* Build configuration list for PBXProject "Clase2-Quiz" */ = {
			isa = XCConfigurationList;
			buildConfigurations = (
				94792A2A2306295600F99B7A /* Debug */,
				94792A2B2306295600F99B7A /* Release */,
			);
			defaultConfigurationIsVisible = 0;
			defaultConfigurationName = Release;
		};
		94792A2C2306295600F99B7A /* Build configuration list for PBXNativeTarget "Clase2-Quiz" */ = {
			isa = XCConfigurationList;
			buildConfigurations = (
				94792A2D2306295600F99B7A /* Debug */,
				94792A2E2306295600F99B7A /* Release */,
			);
			defaultConfigurationIsVisible = 0;
			defaultConfigurationName = Release;
		};
		94792A2F2306295600F99B7A /* Build configuration list for PBXNativeTarget "Clase2-QuizTests" */ = {
			isa = XCConfigurationList;
			buildConfigurations = (
				94792A302306295600F99B7A /* Debug */,
				94792A312306295600F99B7A /* Release */,
			);
			defaultConfigurationIsVisible = 0;
			defaultConfigurationName = Release;
		};
		94792A322306295600F99B7A /* Build configuration list for PBXNativeTarget "Clase2-QuizUITests" */ = {
			isa = XCConfigurationList;
			buildConfigurations = (
				94792A332306295600F99B7A /* Debug */,
				94792A342306295600F99B7A /* Release */,
			);
			defaultConfigurationIsVisible = 0;
			defaultConfigurationName = Release;
		};
/* End XCConfigurationList section */
	};
	rootObject = 947929FC2306295500F99B7A /* Project object */;
}
